
Microsoft Visual Studio Solution File, Format Version 12.00
# Visual Studio Version 17
VisualStudioVersion = 17.14.36127.28
MinimumVisualStudioVersion = 10.0.40219.1
Project("{2150E333-8FDC-42A3-9474-1A3956D46DE8}") = "AuthService", "AuthService", "{36D591C7-65C7-A0D1-1CBC-10CDE441BDC8}"
EndProject
Project("{2150E333-8FDC-42A3-9474-1A3956D46DE8}") = "Domain", "Domain", "{55EC68E4-3532-47F2-A2C1-07A903477A89}"
EndProject
Project("{2150E333-8FDC-42A3-9474-1A3956D46DE8}") = "Infrastructure", "Infrastructure", "{ABEEC3D8-6F4F-4B59-A387-CA8B55046BFA}"
EndProject
Project("{2150E333-8FDC-42A3-9474-1A3956D46DE8}") = "StockCardService", "StockCardService", "{2A568525-C3E5-4A03-88C1-89FBC1ABA863}"
EndProject
Project("{2150E333-8FDC-42A3-9474-1A3956D46DE8}") = "Domain", "Domain", "{C8F28A3F-9F1A-47F8-849A-E1C579D810B6}"
EndProject
Project("{2150E333-8FDC-42A3-9474-1A3956D46DE8}") = "Infrastructure", "Infrastructure", "{E38DF3D4-C65F-4C56-AF12-367BB66471AE}"
EndProject
Project("{2150E333-8FDC-42A3-9474-1A3956D46DE8}") = "PortfolioService", "PortfolioService", "{4A383744-A6DE-41C7-AB2F-9390F0F647C5}"
EndProject
Project("{2150E333-8FDC-42A3-9474-1A3956D46DE8}") = "Domain", "Domain", "{1EFF4980-ABCE-46A6-89EC-E125AE029F45}"
EndProject
Project("{2150E333-8FDC-42A3-9474-1A3956D46DE8}") = "Infrastructure", "Infrastructure", "{A9C765D3-9297-4282-AF14-3305FB7E74CE}"
EndProject
Project("{2150E333-8FDC-42A3-9474-1A3956D46DE8}") = "NotificationService", "NotificationService", "{1DD22371-8381-4FC0-A04B-743B9358051D}"
EndProject
Project("{2150E333-8FDC-42A3-9474-1A3956D46DE8}") = "Domain", "Domain", "{F33D70F7-E7F9-4157-98B6-D7352313BF94}"
EndProject
Project("{2150E333-8FDC-42A3-9474-1A3956D46DE8}") = "Infrastructure", "Infrastructure", "{801E5281-1E49-4DB6-AC61-675E45256AB0}"
EndProject
Project("{2150E333-8FDC-42A3-9474-1A3956D46DE8}") = "backend", "backend", "{594D12E9-32A7-494E-92AB-3AACE1C506BA}"
EndProject
Project("{2150E333-8FDC-42A3-9474-1A3956D46DE8}") = "frontend", "frontend", "{C1C6A5C5-5C85-4925-92B1-68F2F4EA870E}"
EndProject
Project("{2150E333-8FDC-42A3-9474-1A3956D46DE8}") = "Solution Items", "Solution Items", "{754FC069-D67B-A9D7-50A1-8D1CA196D8F1}"
	ProjectSection(SolutionItems) = preProject
		LICENSE = LICENSE
		README.md = README.md
	EndProjectSection
EndProject
Project("{2150E333-8FDC-42A3-9474-1A3956D46DE8}") = "WebApi", "WebApi", "{C021BC80-0774-4B94-B619-C1FFEB16AC4C}"
EndProject
Project("{FAE04EC0-301F-11D3-BF4B-00C04F79EFBC}") = "AuthService.WebApi", "src\backend\services\AuthService\WebApi\AuthService.WebApi.csproj", "{308AEAF8-93FF-B996-5502-EED583CE3B8C}"
EndProject
Project("{2150E333-8FDC-42A3-9474-1A3956D46DE8}") = "WebApi", "WebApi", "{92E3A6FA-92C1-4BE5-ACF6-DCFA297EC218}"
EndProject
Project("{FAE04EC0-301F-11D3-BF4B-00C04F79EFBC}") = "NotificationService.WebApi", "src\backend\services\NotificationService\WebApi\NotificationService.WebApi.csproj", "{1C64AAAD-EFE0-0EA7-77D6-ECC62C4BBD81}"
EndProject
Project("{2150E333-8FDC-42A3-9474-1A3956D46DE8}") = "WebApi", "WebApi", "{F8535D06-1312-4BA7-B91F-25C3A07597A7}"
EndProject
Project("{FAE04EC0-301F-11D3-BF4B-00C04F79EFBC}") = "PortfolioService.WebApi", "src\backend\services\PortfolioService\WebApi\PortfolioService.WebApi.csproj", "{676D7EB3-F482-0E42-1518-15022DF795CA}"
EndProject
Project("{2150E333-8FDC-42A3-9474-1A3956D46DE8}") = "WebApi", "WebApi", "{FF4CFC8B-DE8C-49A0-B024-C7339A9D6E83}"
EndProject
Project("{FAE04EC0-301F-11D3-BF4B-00C04F79EFBC}") = "StockCardService.WebApi", "src\backend\services\StockCardService\WebApi\StockCardService.WebApi.csproj", "{33269569-6DDC-A850-D1B3-50AD3031AF4F}"
EndProject
Project("{2150E333-8FDC-42A3-9474-1A3956D46DE8}") = "src", "src", "{0DEB834C-1CBC-419E-8784-2123DB838960}"
EndProject
Project("{2150E333-8FDC-42A3-9474-1A3956D46DE8}") = "services", "services", "{3E3FFB75-64F0-4A4A-869E-0ABBA1FBDE47}"
EndProject
Project("{2150E333-8FDC-42A3-9474-1A3956D46DE8}") = "gateway", "gateway", "{FADF1CA8-4900-40A2-8F82-54CF27A639D2}"
EndProject
Project("{FAE04EC0-301F-11D3-BF4B-00C04F79EFBC}") = "Gateway.WebApi", "src\backend\gateway\Gateway.WebApi.csproj", "{F59B5027-FEEE-8A1D-D411-6714D90B001B}"
EndProject
Global
	GlobalSection(SolutionConfigurationPlatforms) = preSolution
		Debug|Any CPU = Debug|Any CPU
		Release|Any CPU = Release|Any CPU
	EndGlobalSection
	GlobalSection(ProjectConfigurationPlatforms) = postSolution
		{308AEAF8-93FF-B996-5502-EED583CE3B8C}.Debug|Any CPU.ActiveCfg = Debug|Any CPU
		{308AEAF8-93FF-B996-5502-EED583CE3B8C}.Debug|Any CPU.Build.0 = Debug|Any CPU
		{308AEAF8-93FF-B996-5502-EED583CE3B8C}.Release|Any CPU.ActiveCfg = Release|Any CPU
		{308AEAF8-93FF-B996-5502-EED583CE3B8C}.Release|Any CPU.Build.0 = Release|Any CPU
		{1C64AAAD-EFE0-0EA7-77D6-ECC62C4BBD81}.Debug|Any CPU.ActiveCfg = Debug|Any CPU
		{1C64AAAD-EFE0-0EA7-77D6-ECC62C4BBD81}.Debug|Any CPU.Build.0 = Debug|Any CPU
		{1C64AAAD-EFE0-0EA7-77D6-ECC62C4BBD81}.Release|Any CPU.ActiveCfg = Release|Any CPU
		{1C64AAAD-EFE0-0EA7-77D6-ECC62C4BBD81}.Release|Any CPU.Build.0 = Release|Any CPU
		{676D7EB3-F482-0E42-1518-15022DF795CA}.Debug|Any CPU.ActiveCfg = Debug|Any CPU
		{676D7EB3-F482-0E42-1518-15022DF795CA}.Debug|Any CPU.Build.0 = Debug|Any CPU
		{676D7EB3-F482-0E42-1518-15022DF795CA}.Release|Any CPU.ActiveCfg = Release|Any CPU
		{676D7EB3-F482-0E42-1518-15022DF795CA}.Release|Any CPU.Build.0 = Release|Any CPU
		{33269569-6DDC-A850-D1B3-50AD3031AF4F}.Debug|Any CPU.ActiveCfg = Debug|Any CPU
		{33269569-6DDC-A850-D1B3-50AD3031AF4F}.Debug|Any CPU.Build.0 = Debug|Any CPU
		{33269569-6DDC-A850-D1B3-50AD3031AF4F}.Release|Any CPU.ActiveCfg = Release|Any CPU
		{33269569-6DDC-A850-D1B3-50AD3031AF4F}.Release|Any CPU.Build.0 = Release|Any CPU
		{F59B5027-FEEE-8A1D-D411-6714D90B001B}.Debug|Any CPU.ActiveCfg = Debug|Any CPU
		{F59B5027-FEEE-8A1D-D411-6714D90B001B}.Debug|Any CPU.Build.0 = Debug|Any CPU
		{F59B5027-FEEE-8A1D-D411-6714D90B001B}.Release|Any CPU.ActiveCfg = Release|Any CPU
		{F59B5027-FEEE-8A1D-D411-6714D90B001B}.Release|Any CPU.Build.0 = Release|Any CPU
	EndGlobalSection
	GlobalSection(SolutionProperties) = preSolution
		HideSolutionNode = FALSE
	EndGlobalSection
	GlobalSection(NestedProjects) = preSolution
		{36D591C7-65C7-A0D1-1CBC-10CDE441BDC8} = {3E3FFB75-64F0-4A4A-869E-0ABBA1FBDE47}
		{55EC68E4-3532-47F2-A2C1-07A903477A89} = {36D591C7-65C7-A0D1-1CBC-10CDE441BDC8}
		{ABEEC3D8-6F4F-4B59-A387-CA8B55046BFA} = {36D591C7-65C7-A0D1-1CBC-10CDE441BDC8}
		{2A568525-C3E5-4A03-88C1-89FBC1ABA863} = {3E3FFB75-64F0-4A4A-869E-0ABBA1FBDE47}
		{C8F28A3F-9F1A-47F8-849A-E1C579D810B6} = {2A568525-C3E5-4A03-88C1-89FBC1ABA863}
		{E38DF3D4-C65F-4C56-AF12-367BB66471AE} = {2A568525-C3E5-4A03-88C1-89FBC1ABA863}
		{4A383744-A6DE-41C7-AB2F-9390F0F647C5} = {3E3FFB75-64F0-4A4A-869E-0ABBA1FBDE47}
		{1EFF4980-ABCE-46A6-89EC-E125AE029F45} = {4A383744-A6DE-41C7-AB2F-9390F0F647C5}
		{A9C765D3-9297-4282-AF14-3305FB7E74CE} = {4A383744-A6DE-41C7-AB2F-9390F0F647C5}
		{1DD22371-8381-4FC0-A04B-743B9358051D} = {3E3FFB75-64F0-4A4A-869E-0ABBA1FBDE47}
		{F33D70F7-E7F9-4157-98B6-D7352313BF94} = {1DD22371-8381-4FC0-A04B-743B9358051D}
		{801E5281-1E49-4DB6-AC61-675E45256AB0} = {1DD22371-8381-4FC0-A04B-743B9358051D}
		{594D12E9-32A7-494E-92AB-3AACE1C506BA} = {0DEB834C-1CBC-419E-8784-2123DB838960}
		{C1C6A5C5-5C85-4925-92B1-68F2F4EA870E} = {0DEB834C-1CBC-419E-8784-2123DB838960}
		{C021BC80-0774-4B94-B619-C1FFEB16AC4C} = {36D591C7-65C7-A0D1-1CBC-10CDE441BDC8}
		{308AEAF8-93FF-B996-5502-EED583CE3B8C} = {C021BC80-0774-4B94-B619-C1FFEB16AC4C}
		{92E3A6FA-92C1-4BE5-ACF6-DCFA297EC218} = {1DD22371-8381-4FC0-A04B-743B9358051D}
		{1C64AAAD-EFE0-0EA7-77D6-ECC62C4BBD81} = {92E3A6FA-92C1-4BE5-ACF6-DCFA297EC218}
		{F8535D06-1312-4BA7-B91F-25C3A07597A7} = {4A383744-A6DE-41C7-AB2F-9390F0F647C5}
		{676D7EB3-F482-0E42-1518-15022DF795CA} = {F8535D06-1312-4BA7-B91F-25C3A07597A7}
		{FF4CFC8B-DE8C-49A0-B024-C7339A9D6E83} = {2A568525-C3E5-4A03-88C1-89FBC1ABA863}
		{33269569-6DDC-A850-D1B3-50AD3031AF4F} = {FF4CFC8B-DE8C-49A0-B024-C7339A9D6E83}
		{3E3FFB75-64F0-4A4A-869E-0ABBA1FBDE47} = {594D12E9-32A7-494E-92AB-3AACE1C506BA}
		{FADF1CA8-4900-40A2-8F82-54CF27A639D2} = {594D12E9-32A7-494E-92AB-3AACE1C506BA}
		{F59B5027-FEEE-8A1D-D411-6714D90B001B} = {FADF1CA8-4900-40A2-8F82-54CF27A639D2}
	EndGlobalSection
	GlobalSection(ExtensibilityGlobals) = postSolution
		SolutionGuid = {059AD995-9C01-4811-ADA0-77BA092DEAEC}
	EndGlobalSection
EndGlobal
