
Microsoft Visual Studio Solution File, Format Version 12.00
# Visual Studio Version 17
VisualStudioVersion = 17.14.36127.28
MinimumVisualStudioVersion = 10.0.40219.1
Project("{2150E333-8FDC-42A3-9474-1A3956D46DE8}") = "src", "src", "{36D591C7-65C7-A0D1-1CBC-10CDE441BDC8}"
EndProject
Project("{FAE04EC0-301F-11D3-BF4B-00C04F79EFBC}") = "StockMarketAssistant.ServiceDefaults", "src\StockMarketAssistant.ServiceDefaults\StockMarketAssistant.ServiceDefaults.csproj", "{101209CF-15B5-5DD2-EE19-3642EFE3DE17}"
EndProject
Project("{2150E333-8FDC-42A3-9474-1A3956D46DE8}") = "Solution Items", "Solution Items", "{1D81D679-A449-422D-B5B0-5DF07AC9E805}"
	ProjectSection(SolutionItems) = preProject
		LICENSE = LICENSE
		README.md = README.md
	EndProjectSection
EndProject
Project("{2150E333-8FDC-42A3-9474-1A3956D46DE8}") = "frontend", "frontend", "{5F2E7E8E-266E-4B3B-B9FA-7D580B6FE05D}"
EndProject
Project("{2150E333-8FDC-42A3-9474-1A3956D46DE8}") = "backend", "backend", "{3B826A3F-7BA0-4FDB-8DBD-5B24E709E9D0}"
EndProject
Project("{2150E333-8FDC-42A3-9474-1A3956D46DE8}") = "gateway", "gateway", "{87B70B62-00C4-4BF4-B5B5-D5C7324594F3}"
EndProject
Project("{2150E333-8FDC-42A3-9474-1A3956D46DE8}") = "services", "services", "{4E7F5360-0B88-4676-8937-B529A66EE43A}"
EndProject
Project("{2150E333-8FDC-42A3-9474-1A3956D46DE8}") = "NotificationService", "NotificationService", "{8F871752-F3D5-48FC-9DFA-1CBFA827DB18}"
EndProject
Project("{2150E333-8FDC-42A3-9474-1A3956D46DE8}") = "PortfolioService", "PortfolioService", "{C5A5C47F-0727-4D58-B859-85A953174000}"
EndProject
Project("{2150E333-8FDC-42A3-9474-1A3956D46DE8}") = "StockCardService", "StockCardService", "{061E80F9-7EC6-4C32-947B-8E28C862C34D}"
	ProjectSection(SolutionItems) = preProject
		src\backend\services\StockCardService\docker-compose_StockCard.yml = src\backend\services\StockCardService\docker-compose_StockCard.yml
	EndProjectSection
EndProject
Project("{2150E333-8FDC-42A3-9474-1A3956D46DE8}") = "Infrastructure", "Infrastructure", "{2FB4AA13-2170-44D1-A977-065FA5380850}"
EndProject
Project("{FAE04EC0-301F-11D3-BF4B-00C04F79EFBC}") = "StockMarketAssistant.AppHost", "src\StockMarketAssistant.AppHost\StockMarketAssistant.AppHost.csproj", "{26DB1DEE-DF6F-8D38-C1A4-718A66AA09B0}"
	ProjectSection(ProjectDependencies) = postProject
		{6CEC36BA-6B65-47C5-BF16-B713163A25CC} = {6CEC36BA-6B65-47C5-BF16-B713163A25CC}
	EndProjectSection
EndProject
Project("{2150E333-8FDC-42A3-9474-1A3956D46DE8}") = "Core", "Core", "{A82D7451-4E30-487C-9261-F8E23AE65C53}"
EndProject
Project("{2150E333-8FDC-42A3-9474-1A3956D46DE8}") = "Presentation", "Presentation", "{985A0703-0E96-4625-B497-64DC173C14DE}"
EndProject
Project("{2150E333-8FDC-42A3-9474-1A3956D46DE8}") = "Presentation", "Presentation", "{1DE3A479-7B84-40C0-9ED4-BF66790F74C8}"
EndProject
Project("{FAE04EC0-301F-11D3-BF4B-00C04F79EFBC}") = "Gateway.WebApi", "src\backend\gateway\Gateway.WebApi\Gateway.WebApi.csproj", "{6CEC36BA-6B65-47C5-BF16-B713163A25CC}"
EndProject
Project("{FAE04EC0-301F-11D3-BF4B-00C04F79EFBC}") = "PortfolioService.WebApi", "src\backend\services\PortfolioService\PortfolioService.WebApi\PortfolioService.WebApi.csproj", "{18F87636-8C20-44A0-861B-B59D38540A5A}"
EndProject
Project("{2150E333-8FDC-42A3-9474-1A3956D46DE8}") = "Core", "Core", "{3CDFC061-3851-4AE3-9EA6-E9CB74FB33BB}"
EndProject
Project("{FAE04EC0-301F-11D3-BF4B-00C04F79EFBC}") = "PortfolioService.Application", "src\backend\services\PortfolioService\PortfolioService.Application\PortfolioService.Application.csproj", "{7A9131B6-477A-455A-B997-F93DA70F40EA}"
EndProject
Project("{FAE04EC0-301F-11D3-BF4B-00C04F79EFBC}") = "PortfolioService.Domain", "src\backend\services\PortfolioService\PortfolioService.Domain\PortfolioService.Domain.csproj", "{F7A9DC0D-A746-4F7C-A7D8-CC88CB618AE4}"
EndProject
Project("{2150E333-8FDC-42A3-9474-1A3956D46DE8}") = "Infrastructure", "Infrastructure", "{94AD4FD2-76C9-41D2-A4CC-8E4092F892F4}"
EndProject
Project("{FAE04EC0-301F-11D3-BF4B-00C04F79EFBC}") = "PortfolioService.Infrastructure.EntityFramework", "src\backend\services\PortfolioService\PortfolioService.Infrastructure.EntityFramework\PortfolioService.Infrastructure.EntityFramework.csproj", "{8431E31A-B1C2-42F2-B513-B24E17A4390E}"
EndProject
Project("{FAE04EC0-301F-11D3-BF4B-00C04F79EFBC}") = "PortfolioService.Infrastructure.Repositories", "src\backend\services\PortfolioService\PortfolioService.Infrastructure.Repositories\PortfolioService.Infrastructure.Repositories.csproj", "{F80FD83C-FF7E-4578-BA43-E91A10F96281}"
EndProject
Project("{FAE04EC0-301F-11D3-BF4B-00C04F79EFBC}") = "StockCardService.WebApi", "src\backend\services\StockCardService\StockCardService.WebApi\StockCardService.WebApi.csproj", "{BF8477F7-DAF1-43C7-AB04-B7CACB85B32E}"
EndProject
Project("{FAE04EC0-301F-11D3-BF4B-00C04F79EFBC}") = "StockCardService.Application", "src\backend\services\StockCardService\StockCardService.Application\StockCardService.Application.csproj", "{EAF0B189-6099-482D-A841-558F72BA025A}"
EndProject
Project("{FAE04EC0-301F-11D3-BF4B-00C04F79EFBC}") = "StockCardService.Domain", "src\backend\services\StockCardService\StockCardService.Domain\StockCardService.Domain.csproj", "{814CD296-15E2-4A0D-89EE-A8E29F15B93F}"
EndProject
Project("{FAE04EC0-301F-11D3-BF4B-00C04F79EFBC}") = "StockCardService.Infrastructure.EntityFramework", "src\backend\services\StockCardService\StockCardService.Infrastructure.EntityFramework\StockCardService.Infrastructure.EntityFramework.csproj", "{74874E8A-ADF7-4E09-AB86-8B2126DD85D4}"
EndProject
Project("{FAE04EC0-301F-11D3-BF4B-00C04F79EFBC}") = "StockCardService.Infrastructure.Repositories", "src\backend\services\StockCardService\StockCardService.Infrastructure.Repositories\StockCardService.Infrastructure.Repositories.csproj", "{37B2D898-FDEF-43D0-96E1-BC43BE432522}"
EndProject
Project("{2150E333-8FDC-42A3-9474-1A3956D46DE8}") = "Abstractions", "Abstractions", "{29CCDEBD-1AD4-4174-9CE8-4EC0423F5AFD}"
EndProject
Project("{FAE04EC0-301F-11D3-BF4B-00C04F79EFBC}") = "StockCardService.Abstractions.Repositories", "src\backend\services\StockCardService\StockCardService.Abstractions.Repositories\StockCardService.Abstractions.Repositories.csproj", "{E27D53C0-33EE-4E53-A45F-7D72661DA143}"
EndProject
Project("{2150E333-8FDC-42A3-9474-1A3956D46DE8}") = "AnalyticsService", "AnalyticsService", "{41545DF1-0759-40B3-BE1A-E20985ADF86A}"
EndProject
Project("{2150E333-8FDC-42A3-9474-1A3956D46DE8}") = "Core", "Core", "{85EFCDCA-7275-4D84-A087-41071F855F94}"
EndProject
Project("{2150E333-8FDC-42A3-9474-1A3956D46DE8}") = "Infrastructure", "Infrastructure", "{9B6D6EF2-E538-40EC-96D2-B81BBEF741DA}"
EndProject
Project("{2150E333-8FDC-42A3-9474-1A3956D46DE8}") = "Presentation", "Presentation", "{76FAE845-4F9E-4076-9C6F-3EB9485CC772}"
EndProject
Project("{FAE04EC0-301F-11D3-BF4B-00C04F79EFBC}") = "AnalyticsService.Application", "src\backend\services\AnalyticsService\AnalyticsService.Application\AnalyticsService.Application.csproj", "{4FBDD5BC-1D69-49CE-9DBF-85DACA3A9278}"
EndProject
Project("{FAE04EC0-301F-11D3-BF4B-00C04F79EFBC}") = "AnalyticsService.Domain", "src\backend\services\AnalyticsService\AnalyticsService.Domain\AnalyticsService.Domain.csproj", "{36CAA749-134E-4AE5-9A14-5B0E5041C368}"
EndProject
Project("{FAE04EC0-301F-11D3-BF4B-00C04F79EFBC}") = "AnalyticsService.Infrastructure.EntityFramework", "src\backend\services\AnalyticsService\AnalyticsService.Infrastructure.EntityFramework\AnalyticsService.Infrastructure.EntityFramework.csproj", "{2850E90D-E920-4C0C-B3B5-C6D31C488FD2}"
EndProject
Project("{FAE04EC0-301F-11D3-BF4B-00C04F79EFBC}") = "AnalyticsService.Infrastructure.Repositories", "src\backend\services\AnalyticsService\AnalyticsService.Infrastructure.Repositories\AnalyticsService.Infrastructure.Repositories.csproj", "{8147C948-3B45-4360-90D7-2B622C5C98D1}"
EndProject
Project("{FAE04EC0-301F-11D3-BF4B-00C04F79EFBC}") = "AnalyticsService.Infrastructure.Security", "src\backend\services\AnalyticsService\AnalyticsService.Infrastructure.Security\AnalyticsService.Infrastructure.Security.csproj", "{F2E3D4C5-B6A7-8901-2C3D-4E5F67890123}"
EndProject
Project("{FAE04EC0-301F-11D3-BF4B-00C04F79EFBC}") = "AnalyticsService.WebApi", "src\backend\services\AnalyticsService\AnalyticsService.WebApi\AnalyticsService.WebApi.csproj", "{E2784DD7-59E8-449A-B54B-33A28188A04F}"
EndProject
Project("{2150E333-8FDC-42A3-9474-1A3956D46DE8}") = "AuthService", "AuthService", "{DA2D70AC-8089-4A9C-AF68-0A30C8E27663}"
EndProject
Project("{FAE04EC0-301F-11D3-BF4B-00C04F79EFBC}") = "SharedKernel", "src\backend\services\AuthService\src\SharedKernel\SharedKernel.csproj", "{ABB8F96B-8F3D-4421-9A0A-D99DC823AD3E}"
EndProject
Project("{FAE04EC0-301F-11D3-BF4B-00C04F79EFBC}") = "AuthService.Application", "src\backend\services\AuthService\src\AuthService.Application\AuthService.Application.csproj", "{97991E14-920D-4AB5-860A-6AB00F6347E8}"
EndProject
Project("{FAE04EC0-301F-11D3-BF4B-00C04F79EFBC}") = "AuthService.Contracts", "src\backend\services\AuthService\src\AuthService.Contracts\AuthService.Contracts.csproj", "{182F43AD-E636-49EE-B548-AA118104EFB6}"
EndProject
Project("{FAE04EC0-301F-11D3-BF4B-00C04F79EFBC}") = "AuthService.Domain", "src\backend\services\AuthService\src\AuthService.Domain\AuthService.Domain.csproj", "{513B70E8-B61F-41C6-93B1-F28F7C41B8C3}"
EndProject
Project("{FAE04EC0-301F-11D3-BF4B-00C04F79EFBC}") = "AuthService.Infrastructure.Postgres", "src\backend\services\AuthService\src\AuthService.Infrastructure.Postgres\AuthService.Infrastructure.Postgres.csproj", "{A8E89D8E-48F8-4EEF-BB92-FF668DD20872}"
EndProject
Project("{FAE04EC0-301F-11D3-BF4B-00C04F79EFBC}") = "AuthService.Presentation", "src\backend\services\AuthService\src\AuthService.Presentation\AuthService.Presentation.csproj", "{023B5C04-2DCF-472F-99B3-6B61D02993F0}"
EndProject
Project("{FAE04EC0-301F-11D3-BF4B-00C04F79EFBC}") = "AuthService.WebApi", "src\backend\services\AuthService\src\AuthService.WebApi\AuthService.WebApi.csproj", "{60722E1D-5771-48A0-97F3-9D93A0121581}"
EndProject
Project("{FAE04EC0-301F-11D3-BF4B-00C04F79EFBC}") = "NotificationService", "src\backend\services\NotificationService\Notification\NotificationService.csproj", "{52486EF6-1A62-0517-ECA5-75C6ACB191AE}"
EndProject
Project("{FAE04EC0-301F-11D3-BF4B-00C04F79EFBC}") = "NotificationService.Application", "src\backend\services\NotificationService\Notification.Application\NotificationService.Application.csproj", "{C86D88C8-C390-18ED-AAE7-B127C546C7B9}"
EndProject
Project("{FAE04EC0-301F-11D3-BF4B-00C04F79EFBC}") = "NotificationService.Domain", "src\backend\services\NotificationService\Notification.Domain\NotificationService.Domain.csproj", "{186E2BC3-E0E6-90D3-23A4-084594272697}"
EndProject
Project("{FAE04EC0-301F-11D3-BF4B-00C04F79EFBC}") = "NotificationService.Infrastructure", "src\backend\services\NotificationService\Notification.Infrastructure\NotificationService.Infrastructure.csproj", "{EB8CC538-5EFB-9833-6EB6-22D3AFF13730}"
EndProject
Project("{FAE04EC0-301F-11D3-BF4B-00C04F79EFBC}") = "NotificationService.ServiceDefaults", "src\backend\services\NotificationService\Notification.ServiceDefaults\NotificationService.ServiceDefaults.csproj", "{1D5E8038-EDBF-947A-BC67-8C7C161F74D3}"
EndProject
Project("{FAE04EC0-301F-11D3-BF4B-00C04F79EFBC}") = "StockMarketAssistant.SharedLibrary", "src\StockMarketAssistant.SharedLibrary\StockMarketAssistant.SharedLibrary.csproj", "{B356D6C2-7969-22F9-4DED-EF7898C3DAAB}"
EndProject
Project("{FAE04EC0-301F-11D3-BF4B-00C04F79EFBC}") = "PortfolioService.Infrastructure.Caching", "src\backend\services\PortfolioService\PortfolioService.Infrastructure.Caching\PortfolioService.Infrastructure.Caching.csproj", "{1DF0ABC0-A044-935B-BFAF-C46257A7EE8B}"
EndProject
Project("{FAE04EC0-301F-11D3-BF4B-00C04F79EFBC}") = "PortfolioService.Infrastructure.Gateways", "src\backend\services\PortfolioService\PortfolioService.Infrastructure.Gateways\PortfolioService.Infrastructure.Gateways.csproj", "{9AF9F2DE-6DEA-6C09-5CAA-D7A291828AFE}"
EndProject
Project("{FAE04EC0-301F-11D3-BF4B-00C04F79EFBC}") = "StockMarketAssistant.Frontend", "src\frontend\StockMarketAssistant.Frontend.csproj", "{D94B2894-6B5E-56DC-3EA4-425B86A271B3}"
EndProject
Project("{FAE04EC0-301F-11D3-BF4B-00C04F79EFBC}") = "StockCardService.Infrastructure.Messaging.Kafka", "src\backend\services\StockCardService\StockCardService.Infrastructure.Messaging.Kafka\StockCardService.Infrastructure.Messaging.Kafka.csproj", "{AFE5253E-84F7-A7B0-0046-C143595040EA}"
EndProject
Project("{FAE04EC0-301F-11D3-BF4B-00C04F79EFBC}") = "StockCardService.Infrastructure.Integrations.Moex", "src\backend\services\StockCardService\StockCardService.Infrastructure.Integrations.Moex\StockCardService.Infrastructure.Integrations.Moex.csproj", "{0BFBEF29-703C-1F0F-BE22-AABC9ECE0B37}"
EndProject
Project("{FAE04EC0-301F-11D3-BF4B-00C04F79EFBC}") = "StockCardService.Infrastructure.MongoDb", "src\backend\services\StockCardService\StockCardService.Infrastructure.MongoDb\StockCardService.Infrastructure.MongoDb.csproj", "{A3D24824-F578-D410-ACBB-E485D0757D1B}"
EndProject
Project("{2150E333-8FDC-42A3-9474-1A3956D46DE8}") = "src", "src", "{7F192046-4ABC-4139-B7B0-51489FB146FD}"
EndProject
Project("{FAE04EC0-301F-11D3-BF4B-00C04F79EFBC}") = "PortfolioService.Infrastructure.Security", "src\backend\services\PortfolioService\PortfolioService.Infrastructure.Security\PortfolioService.Infrastructure.Security.csproj", "{149787E2-FB65-46A6-885E-507D27D603F9}"
EndProject
Project("{2150E333-8FDC-42A3-9474-1A3956D46DE8}") = "tests", "tests", "{02EA681E-C7D8-13C7-8484-4AC65E1B71E8}"
EndProject
Project("{FAE04EC0-301F-11D3-BF4B-00C04F79EFBC}") = "PortfolioService.UnitTests", "src\backend\tests\PortfolioService.UnitTests\PortfolioService.UnitTests.csproj", "{AA77A0BB-95B4-4B9A-89F0-CDDB5C1C2305}"
EndProject
Project("{FAE04EC0-301F-11D3-BF4B-00C04F79EFBC}") = "PortfolioService.IntegrationTests", "src\backend\tests\PortfolioService.IntegrationTests\PortfolioService.IntegrationTests.csproj", "{B089A177-D477-42ED-8C2D-0B8467D63F69}"
EndProject
Project("{FAE04EC0-301F-11D3-BF4B-00C04F79EFBC}") = "PortfolioService.Infrastructure.BackgroundServices", "src\backend\services\PortfolioService\PortfolioService.Infrastructure.BackgroundServices\PortfolioService.Infrastructure.BackgroundServices.csproj", "{4BB77B0E-523C-4D71-A99F-D0E2716AF844}"
EndProject
Project("{FAE04EC0-301F-11D3-BF4B-00C04F79EFBC}") = "AnalyticsService.TestDataGenerator", "src\backend\services\AnalyticsService\AnalyticsService.TestDataGenerator\AnalyticsService.TestDataGenerator.csproj", "{1C00A863-8BC7-4A58-B962-02975E6BE9E5}"
EndProject
Project("{2150E333-8FDC-42A3-9474-1A3956D46DE8}") = "tools", "tools", "{FD8C743A-0E7A-41F2-A7B2-36A5A6D7C73A}"
EndProject
Project("{FAE04EC0-301F-11D3-BF4B-00C04F79EFBC}") = "AuthService.MigrationsJob", "src\backend\services\AuthService\tools\AuthService.MigrationsJob\AuthService.MigrationsJob.csproj", "{A76ABD2C-1183-4E57-9121-D317C964E5CE}"
EndProject
Global
	GlobalSection(SolutionConfigurationPlatforms) = preSolution
		Debug|Any CPU = Debug|Any CPU
		Debug|x64 = Debug|x64
		Debug|x86 = Debug|x86
		Release|Any CPU = Release|Any CPU
		Release|x64 = Release|x64
		Release|x86 = Release|x86
	EndGlobalSection
	GlobalSection(ProjectConfigurationPlatforms) = postSolution
		{101209CF-15B5-5DD2-EE19-3642EFE3DE17}.Debug|Any CPU.ActiveCfg = Debug|Any CPU
		{101209CF-15B5-5DD2-EE19-3642EFE3DE17}.Debug|Any CPU.Build.0 = Debug|Any CPU
		{101209CF-15B5-5DD2-EE19-3642EFE3DE17}.Debug|x64.ActiveCfg = Debug|Any CPU
		{101209CF-15B5-5DD2-EE19-3642EFE3DE17}.Debug|x64.Build.0 = Debug|Any CPU
		{101209CF-15B5-5DD2-EE19-3642EFE3DE17}.Debug|x86.ActiveCfg = Debug|Any CPU
		{101209CF-15B5-5DD2-EE19-3642EFE3DE17}.Debug|x86.Build.0 = Debug|Any CPU
		{101209CF-15B5-5DD2-EE19-3642EFE3DE17}.Release|Any CPU.ActiveCfg = Release|Any CPU
		{101209CF-15B5-5DD2-EE19-3642EFE3DE17}.Release|Any CPU.Build.0 = Release|Any CPU
		{101209CF-15B5-5DD2-EE19-3642EFE3DE17}.Release|x64.ActiveCfg = Release|Any CPU
		{101209CF-15B5-5DD2-EE19-3642EFE3DE17}.Release|x64.Build.0 = Release|Any CPU
		{101209CF-15B5-5DD2-EE19-3642EFE3DE17}.Release|x86.ActiveCfg = Release|Any CPU
		{101209CF-15B5-5DD2-EE19-3642EFE3DE17}.Release|x86.Build.0 = Release|Any CPU
		{26DB1DEE-DF6F-8D38-C1A4-718A66AA09B0}.Debug|Any CPU.ActiveCfg = Debug|Any CPU
		{26DB1DEE-DF6F-8D38-C1A4-718A66AA09B0}.Debug|Any CPU.Build.0 = Debug|Any CPU
		{26DB1DEE-DF6F-8D38-C1A4-718A66AA09B0}.Debug|x64.ActiveCfg = Debug|Any CPU
		{26DB1DEE-DF6F-8D38-C1A4-718A66AA09B0}.Debug|x64.Build.0 = Debug|Any CPU
		{26DB1DEE-DF6F-8D38-C1A4-718A66AA09B0}.Debug|x86.ActiveCfg = Debug|Any CPU
		{26DB1DEE-DF6F-8D38-C1A4-718A66AA09B0}.Debug|x86.Build.0 = Debug|Any CPU
		{26DB1DEE-DF6F-8D38-C1A4-718A66AA09B0}.Release|Any CPU.ActiveCfg = Release|Any CPU
		{26DB1DEE-DF6F-8D38-C1A4-718A66AA09B0}.Release|Any CPU.Build.0 = Release|Any CPU
		{26DB1DEE-DF6F-8D38-C1A4-718A66AA09B0}.Release|x64.ActiveCfg = Release|Any CPU
		{26DB1DEE-DF6F-8D38-C1A4-718A66AA09B0}.Release|x64.Build.0 = Release|Any CPU
		{26DB1DEE-DF6F-8D38-C1A4-718A66AA09B0}.Release|x86.ActiveCfg = Release|Any CPU
		{26DB1DEE-DF6F-8D38-C1A4-718A66AA09B0}.Release|x86.Build.0 = Release|Any CPU
		{6CEC36BA-6B65-47C5-BF16-B713163A25CC}.Debug|Any CPU.ActiveCfg = Debug|Any CPU
		{6CEC36BA-6B65-47C5-BF16-B713163A25CC}.Debug|Any CPU.Build.0 = Debug|Any CPU
		{6CEC36BA-6B65-47C5-BF16-B713163A25CC}.Debug|x64.ActiveCfg = Debug|Any CPU
		{6CEC36BA-6B65-47C5-BF16-B713163A25CC}.Debug|x64.Build.0 = Debug|Any CPU
		{6CEC36BA-6B65-47C5-BF16-B713163A25CC}.Debug|x86.ActiveCfg = Debug|Any CPU
		{6CEC36BA-6B65-47C5-BF16-B713163A25CC}.Debug|x86.Build.0 = Debug|Any CPU
		{6CEC36BA-6B65-47C5-BF16-B713163A25CC}.Release|Any CPU.ActiveCfg = Release|Any CPU
		{6CEC36BA-6B65-47C5-BF16-B713163A25CC}.Release|Any CPU.Build.0 = Release|Any CPU
		{6CEC36BA-6B65-47C5-BF16-B713163A25CC}.Release|x64.ActiveCfg = Release|Any CPU
		{6CEC36BA-6B65-47C5-BF16-B713163A25CC}.Release|x64.Build.0 = Release|Any CPU
		{6CEC36BA-6B65-47C5-BF16-B713163A25CC}.Release|x86.ActiveCfg = Release|Any CPU
		{6CEC36BA-6B65-47C5-BF16-B713163A25CC}.Release|x86.Build.0 = Release|Any CPU
		{18F87636-8C20-44A0-861B-B59D38540A5A}.Debug|Any CPU.ActiveCfg = Debug|Any CPU
		{18F87636-8C20-44A0-861B-B59D38540A5A}.Debug|Any CPU.Build.0 = Debug|Any CPU
		{18F87636-8C20-44A0-861B-B59D38540A5A}.Debug|x64.ActiveCfg = Debug|Any CPU
		{18F87636-8C20-44A0-861B-B59D38540A5A}.Debug|x64.Build.0 = Debug|Any CPU
		{18F87636-8C20-44A0-861B-B59D38540A5A}.Debug|x86.ActiveCfg = Debug|Any CPU
		{18F87636-8C20-44A0-861B-B59D38540A5A}.Debug|x86.Build.0 = Debug|Any CPU
		{18F87636-8C20-44A0-861B-B59D38540A5A}.Release|Any CPU.ActiveCfg = Release|Any CPU
		{18F87636-8C20-44A0-861B-B59D38540A5A}.Release|Any CPU.Build.0 = Release|Any CPU
		{18F87636-8C20-44A0-861B-B59D38540A5A}.Release|x64.ActiveCfg = Release|Any CPU
		{18F87636-8C20-44A0-861B-B59D38540A5A}.Release|x64.Build.0 = Release|Any CPU
		{18F87636-8C20-44A0-861B-B59D38540A5A}.Release|x86.ActiveCfg = Release|Any CPU
		{18F87636-8C20-44A0-861B-B59D38540A5A}.Release|x86.Build.0 = Release|Any CPU
		{7A9131B6-477A-455A-B997-F93DA70F40EA}.Debug|Any CPU.ActiveCfg = Debug|Any CPU
		{7A9131B6-477A-455A-B997-F93DA70F40EA}.Debug|Any CPU.Build.0 = Debug|Any CPU
		{7A9131B6-477A-455A-B997-F93DA70F40EA}.Debug|x64.ActiveCfg = Debug|Any CPU
		{7A9131B6-477A-455A-B997-F93DA70F40EA}.Debug|x64.Build.0 = Debug|Any CPU
		{7A9131B6-477A-455A-B997-F93DA70F40EA}.Debug|x86.ActiveCfg = Debug|Any CPU
		{7A9131B6-477A-455A-B997-F93DA70F40EA}.Debug|x86.Build.0 = Debug|Any CPU
		{7A9131B6-477A-455A-B997-F93DA70F40EA}.Release|Any CPU.ActiveCfg = Release|Any CPU
		{7A9131B6-477A-455A-B997-F93DA70F40EA}.Release|Any CPU.Build.0 = Release|Any CPU
		{7A9131B6-477A-455A-B997-F93DA70F40EA}.Release|x64.ActiveCfg = Release|Any CPU
		{7A9131B6-477A-455A-B997-F93DA70F40EA}.Release|x64.Build.0 = Release|Any CPU
		{7A9131B6-477A-455A-B997-F93DA70F40EA}.Release|x86.ActiveCfg = Release|Any CPU
		{7A9131B6-477A-455A-B997-F93DA70F40EA}.Release|x86.Build.0 = Release|Any CPU
		{F7A9DC0D-A746-4F7C-A7D8-CC88CB618AE4}.Debug|Any CPU.ActiveCfg = Debug|Any CPU
		{F7A9DC0D-A746-4F7C-A7D8-CC88CB618AE4}.Debug|Any CPU.Build.0 = Debug|Any CPU
		{F7A9DC0D-A746-4F7C-A7D8-CC88CB618AE4}.Debug|x64.ActiveCfg = Debug|Any CPU
		{F7A9DC0D-A746-4F7C-A7D8-CC88CB618AE4}.Debug|x64.Build.0 = Debug|Any CPU
		{F7A9DC0D-A746-4F7C-A7D8-CC88CB618AE4}.Debug|x86.ActiveCfg = Debug|Any CPU
		{F7A9DC0D-A746-4F7C-A7D8-CC88CB618AE4}.Debug|x86.Build.0 = Debug|Any CPU
		{F7A9DC0D-A746-4F7C-A7D8-CC88CB618AE4}.Release|Any CPU.ActiveCfg = Release|Any CPU
		{F7A9DC0D-A746-4F7C-A7D8-CC88CB618AE4}.Release|Any CPU.Build.0 = Release|Any CPU
		{F7A9DC0D-A746-4F7C-A7D8-CC88CB618AE4}.Release|x64.ActiveCfg = Release|Any CPU
		{F7A9DC0D-A746-4F7C-A7D8-CC88CB618AE4}.Release|x64.Build.0 = Release|Any CPU
		{F7A9DC0D-A746-4F7C-A7D8-CC88CB618AE4}.Release|x86.ActiveCfg = Release|Any CPU
		{F7A9DC0D-A746-4F7C-A7D8-CC88CB618AE4}.Release|x86.Build.0 = Release|Any CPU
		{8431E31A-B1C2-42F2-B513-B24E17A4390E}.Debug|Any CPU.ActiveCfg = Debug|Any CPU
		{8431E31A-B1C2-42F2-B513-B24E17A4390E}.Debug|Any CPU.Build.0 = Debug|Any CPU
		{8431E31A-B1C2-42F2-B513-B24E17A4390E}.Debug|x64.ActiveCfg = Debug|Any CPU
		{8431E31A-B1C2-42F2-B513-B24E17A4390E}.Debug|x64.Build.0 = Debug|Any CPU
		{8431E31A-B1C2-42F2-B513-B24E17A4390E}.Debug|x86.ActiveCfg = Debug|Any CPU
		{8431E31A-B1C2-42F2-B513-B24E17A4390E}.Debug|x86.Build.0 = Debug|Any CPU
		{8431E31A-B1C2-42F2-B513-B24E17A4390E}.Release|Any CPU.ActiveCfg = Release|Any CPU
		{8431E31A-B1C2-42F2-B513-B24E17A4390E}.Release|Any CPU.Build.0 = Release|Any CPU
		{8431E31A-B1C2-42F2-B513-B24E17A4390E}.Release|x64.ActiveCfg = Release|Any CPU
		{8431E31A-B1C2-42F2-B513-B24E17A4390E}.Release|x64.Build.0 = Release|Any CPU
		{8431E31A-B1C2-42F2-B513-B24E17A4390E}.Release|x86.ActiveCfg = Release|Any CPU
		{8431E31A-B1C2-42F2-B513-B24E17A4390E}.Release|x86.Build.0 = Release|Any CPU
		{F80FD83C-FF7E-4578-BA43-E91A10F96281}.Debug|Any CPU.ActiveCfg = Debug|Any CPU
		{F80FD83C-FF7E-4578-BA43-E91A10F96281}.Debug|Any CPU.Build.0 = Debug|Any CPU
		{F80FD83C-FF7E-4578-BA43-E91A10F96281}.Debug|x64.ActiveCfg = Debug|Any CPU
		{F80FD83C-FF7E-4578-BA43-E91A10F96281}.Debug|x64.Build.0 = Debug|Any CPU
		{F80FD83C-FF7E-4578-BA43-E91A10F96281}.Debug|x86.ActiveCfg = Debug|Any CPU
		{F80FD83C-FF7E-4578-BA43-E91A10F96281}.Debug|x86.Build.0 = Debug|Any CPU
		{F80FD83C-FF7E-4578-BA43-E91A10F96281}.Release|Any CPU.ActiveCfg = Release|Any CPU
		{F80FD83C-FF7E-4578-BA43-E91A10F96281}.Release|Any CPU.Build.0 = Release|Any CPU
		{F80FD83C-FF7E-4578-BA43-E91A10F96281}.Release|x64.ActiveCfg = Release|Any CPU
		{F80FD83C-FF7E-4578-BA43-E91A10F96281}.Release|x64.Build.0 = Release|Any CPU
		{F80FD83C-FF7E-4578-BA43-E91A10F96281}.Release|x86.ActiveCfg = Release|Any CPU
		{F80FD83C-FF7E-4578-BA43-E91A10F96281}.Release|x86.Build.0 = Release|Any CPU
		{BF8477F7-DAF1-43C7-AB04-B7CACB85B32E}.Debug|Any CPU.ActiveCfg = Debug|Any CPU
		{BF8477F7-DAF1-43C7-AB04-B7CACB85B32E}.Debug|Any CPU.Build.0 = Debug|Any CPU
		{BF8477F7-DAF1-43C7-AB04-B7CACB85B32E}.Debug|x64.ActiveCfg = Debug|Any CPU
		{BF8477F7-DAF1-43C7-AB04-B7CACB85B32E}.Debug|x64.Build.0 = Debug|Any CPU
		{BF8477F7-DAF1-43C7-AB04-B7CACB85B32E}.Debug|x86.ActiveCfg = Debug|Any CPU
		{BF8477F7-DAF1-43C7-AB04-B7CACB85B32E}.Debug|x86.Build.0 = Debug|Any CPU
		{BF8477F7-DAF1-43C7-AB04-B7CACB85B32E}.Release|Any CPU.ActiveCfg = Release|Any CPU
		{BF8477F7-DAF1-43C7-AB04-B7CACB85B32E}.Release|Any CPU.Build.0 = Release|Any CPU
		{BF8477F7-DAF1-43C7-AB04-B7CACB85B32E}.Release|x64.ActiveCfg = Release|Any CPU
		{BF8477F7-DAF1-43C7-AB04-B7CACB85B32E}.Release|x64.Build.0 = Release|Any CPU
		{BF8477F7-DAF1-43C7-AB04-B7CACB85B32E}.Release|x86.ActiveCfg = Release|Any CPU
		{BF8477F7-DAF1-43C7-AB04-B7CACB85B32E}.Release|x86.Build.0 = Release|Any CPU
		{EAF0B189-6099-482D-A841-558F72BA025A}.Debug|Any CPU.ActiveCfg = Debug|Any CPU
		{EAF0B189-6099-482D-A841-558F72BA025A}.Debug|Any CPU.Build.0 = Debug|Any CPU
		{EAF0B189-6099-482D-A841-558F72BA025A}.Debug|x64.ActiveCfg = Debug|Any CPU
		{EAF0B189-6099-482D-A841-558F72BA025A}.Debug|x64.Build.0 = Debug|Any CPU
		{EAF0B189-6099-482D-A841-558F72BA025A}.Debug|x86.ActiveCfg = Debug|Any CPU
		{EAF0B189-6099-482D-A841-558F72BA025A}.Debug|x86.Build.0 = Debug|Any CPU
		{EAF0B189-6099-482D-A841-558F72BA025A}.Release|Any CPU.ActiveCfg = Release|Any CPU
		{EAF0B189-6099-482D-A841-558F72BA025A}.Release|Any CPU.Build.0 = Release|Any CPU
		{EAF0B189-6099-482D-A841-558F72BA025A}.Release|x64.ActiveCfg = Release|Any CPU
		{EAF0B189-6099-482D-A841-558F72BA025A}.Release|x64.Build.0 = Release|Any CPU
		{EAF0B189-6099-482D-A841-558F72BA025A}.Release|x86.ActiveCfg = Release|Any CPU
		{EAF0B189-6099-482D-A841-558F72BA025A}.Release|x86.Build.0 = Release|Any CPU
		{814CD296-15E2-4A0D-89EE-A8E29F15B93F}.Debug|Any CPU.ActiveCfg = Debug|Any CPU
		{814CD296-15E2-4A0D-89EE-A8E29F15B93F}.Debug|Any CPU.Build.0 = Debug|Any CPU
		{814CD296-15E2-4A0D-89EE-A8E29F15B93F}.Debug|x64.ActiveCfg = Debug|Any CPU
		{814CD296-15E2-4A0D-89EE-A8E29F15B93F}.Debug|x64.Build.0 = Debug|Any CPU
		{814CD296-15E2-4A0D-89EE-A8E29F15B93F}.Debug|x86.ActiveCfg = Debug|Any CPU
		{814CD296-15E2-4A0D-89EE-A8E29F15B93F}.Debug|x86.Build.0 = Debug|Any CPU
		{814CD296-15E2-4A0D-89EE-A8E29F15B93F}.Release|Any CPU.ActiveCfg = Release|Any CPU
		{814CD296-15E2-4A0D-89EE-A8E29F15B93F}.Release|Any CPU.Build.0 = Release|Any CPU
		{814CD296-15E2-4A0D-89EE-A8E29F15B93F}.Release|x64.ActiveCfg = Release|Any CPU
		{814CD296-15E2-4A0D-89EE-A8E29F15B93F}.Release|x64.Build.0 = Release|Any CPU
		{814CD296-15E2-4A0D-89EE-A8E29F15B93F}.Release|x86.ActiveCfg = Release|Any CPU
		{814CD296-15E2-4A0D-89EE-A8E29F15B93F}.Release|x86.Build.0 = Release|Any CPU
		{74874E8A-ADF7-4E09-AB86-8B2126DD85D4}.Debug|Any CPU.ActiveCfg = Debug|Any CPU
		{74874E8A-ADF7-4E09-AB86-8B2126DD85D4}.Debug|Any CPU.Build.0 = Debug|Any CPU
		{74874E8A-ADF7-4E09-AB86-8B2126DD85D4}.Debug|x64.ActiveCfg = Debug|Any CPU
		{74874E8A-ADF7-4E09-AB86-8B2126DD85D4}.Debug|x64.Build.0 = Debug|Any CPU
		{74874E8A-ADF7-4E09-AB86-8B2126DD85D4}.Debug|x86.ActiveCfg = Debug|Any CPU
		{74874E8A-ADF7-4E09-AB86-8B2126DD85D4}.Debug|x86.Build.0 = Debug|Any CPU
		{74874E8A-ADF7-4E09-AB86-8B2126DD85D4}.Release|Any CPU.ActiveCfg = Release|Any CPU
		{74874E8A-ADF7-4E09-AB86-8B2126DD85D4}.Release|Any CPU.Build.0 = Release|Any CPU
		{74874E8A-ADF7-4E09-AB86-8B2126DD85D4}.Release|x64.ActiveCfg = Release|Any CPU
		{74874E8A-ADF7-4E09-AB86-8B2126DD85D4}.Release|x64.Build.0 = Release|Any CPU
		{74874E8A-ADF7-4E09-AB86-8B2126DD85D4}.Release|x86.ActiveCfg = Release|Any CPU
		{74874E8A-ADF7-4E09-AB86-8B2126DD85D4}.Release|x86.Build.0 = Release|Any CPU
		{37B2D898-FDEF-43D0-96E1-BC43BE432522}.Debug|Any CPU.ActiveCfg = Debug|Any CPU
		{37B2D898-FDEF-43D0-96E1-BC43BE432522}.Debug|Any CPU.Build.0 = Debug|Any CPU
		{37B2D898-FDEF-43D0-96E1-BC43BE432522}.Debug|x64.ActiveCfg = Debug|Any CPU
		{37B2D898-FDEF-43D0-96E1-BC43BE432522}.Debug|x64.Build.0 = Debug|Any CPU
		{37B2D898-FDEF-43D0-96E1-BC43BE432522}.Debug|x86.ActiveCfg = Debug|Any CPU
		{37B2D898-FDEF-43D0-96E1-BC43BE432522}.Debug|x86.Build.0 = Debug|Any CPU
		{37B2D898-FDEF-43D0-96E1-BC43BE432522}.Release|Any CPU.ActiveCfg = Release|Any CPU
		{37B2D898-FDEF-43D0-96E1-BC43BE432522}.Release|Any CPU.Build.0 = Release|Any CPU
		{37B2D898-FDEF-43D0-96E1-BC43BE432522}.Release|x64.ActiveCfg = Release|Any CPU
		{37B2D898-FDEF-43D0-96E1-BC43BE432522}.Release|x64.Build.0 = Release|Any CPU
		{37B2D898-FDEF-43D0-96E1-BC43BE432522}.Release|x86.ActiveCfg = Release|Any CPU
		{37B2D898-FDEF-43D0-96E1-BC43BE432522}.Release|x86.Build.0 = Release|Any CPU
		{E27D53C0-33EE-4E53-A45F-7D72661DA143}.Debug|Any CPU.ActiveCfg = Debug|Any CPU
		{E27D53C0-33EE-4E53-A45F-7D72661DA143}.Debug|Any CPU.Build.0 = Debug|Any CPU
		{E27D53C0-33EE-4E53-A45F-7D72661DA143}.Debug|x64.ActiveCfg = Debug|Any CPU
		{E27D53C0-33EE-4E53-A45F-7D72661DA143}.Debug|x64.Build.0 = Debug|Any CPU
		{E27D53C0-33EE-4E53-A45F-7D72661DA143}.Debug|x86.ActiveCfg = Debug|Any CPU
		{E27D53C0-33EE-4E53-A45F-7D72661DA143}.Debug|x86.Build.0 = Debug|Any CPU
		{E27D53C0-33EE-4E53-A45F-7D72661DA143}.Release|Any CPU.ActiveCfg = Release|Any CPU
		{E27D53C0-33EE-4E53-A45F-7D72661DA143}.Release|Any CPU.Build.0 = Release|Any CPU
		{E27D53C0-33EE-4E53-A45F-7D72661DA143}.Release|x64.ActiveCfg = Release|Any CPU
		{E27D53C0-33EE-4E53-A45F-7D72661DA143}.Release|x64.Build.0 = Release|Any CPU
		{E27D53C0-33EE-4E53-A45F-7D72661DA143}.Release|x86.ActiveCfg = Release|Any CPU
		{E27D53C0-33EE-4E53-A45F-7D72661DA143}.Release|x86.Build.0 = Release|Any CPU
		{4FBDD5BC-1D69-49CE-9DBF-85DACA3A9278}.Debug|Any CPU.ActiveCfg = Debug|Any CPU
		{4FBDD5BC-1D69-49CE-9DBF-85DACA3A9278}.Debug|Any CPU.Build.0 = Debug|Any CPU
		{4FBDD5BC-1D69-49CE-9DBF-85DACA3A9278}.Debug|x64.ActiveCfg = Debug|Any CPU
		{4FBDD5BC-1D69-49CE-9DBF-85DACA3A9278}.Debug|x64.Build.0 = Debug|Any CPU
		{4FBDD5BC-1D69-49CE-9DBF-85DACA3A9278}.Debug|x86.ActiveCfg = Debug|Any CPU
		{4FBDD5BC-1D69-49CE-9DBF-85DACA3A9278}.Debug|x86.Build.0 = Debug|Any CPU
		{4FBDD5BC-1D69-49CE-9DBF-85DACA3A9278}.Release|Any CPU.ActiveCfg = Release|Any CPU
		{4FBDD5BC-1D69-49CE-9DBF-85DACA3A9278}.Release|Any CPU.Build.0 = Release|Any CPU
		{4FBDD5BC-1D69-49CE-9DBF-85DACA3A9278}.Release|x64.ActiveCfg = Release|Any CPU
		{4FBDD5BC-1D69-49CE-9DBF-85DACA3A9278}.Release|x64.Build.0 = Release|Any CPU
		{4FBDD5BC-1D69-49CE-9DBF-85DACA3A9278}.Release|x86.ActiveCfg = Release|Any CPU
		{4FBDD5BC-1D69-49CE-9DBF-85DACA3A9278}.Release|x86.Build.0 = Release|Any CPU
		{36CAA749-134E-4AE5-9A14-5B0E5041C368}.Debug|Any CPU.ActiveCfg = Debug|Any CPU
		{36CAA749-134E-4AE5-9A14-5B0E5041C368}.Debug|Any CPU.Build.0 = Debug|Any CPU
		{36CAA749-134E-4AE5-9A14-5B0E5041C368}.Debug|x64.ActiveCfg = Debug|Any CPU
		{36CAA749-134E-4AE5-9A14-5B0E5041C368}.Debug|x64.Build.0 = Debug|Any CPU
		{36CAA749-134E-4AE5-9A14-5B0E5041C368}.Debug|x86.ActiveCfg = Debug|Any CPU
		{36CAA749-134E-4AE5-9A14-5B0E5041C368}.Debug|x86.Build.0 = Debug|Any CPU
		{36CAA749-134E-4AE5-9A14-5B0E5041C368}.Release|Any CPU.ActiveCfg = Release|Any CPU
		{36CAA749-134E-4AE5-9A14-5B0E5041C368}.Release|Any CPU.Build.0 = Release|Any CPU
		{36CAA749-134E-4AE5-9A14-5B0E5041C368}.Release|x64.ActiveCfg = Release|Any CPU
		{36CAA749-134E-4AE5-9A14-5B0E5041C368}.Release|x64.Build.0 = Release|Any CPU
		{36CAA749-134E-4AE5-9A14-5B0E5041C368}.Release|x86.ActiveCfg = Release|Any CPU
		{36CAA749-134E-4AE5-9A14-5B0E5041C368}.Release|x86.Build.0 = Release|Any CPU
		{2850E90D-E920-4C0C-B3B5-C6D31C488FD2}.Debug|Any CPU.ActiveCfg = Debug|Any CPU
		{2850E90D-E920-4C0C-B3B5-C6D31C488FD2}.Debug|Any CPU.Build.0 = Debug|Any CPU
		{2850E90D-E920-4C0C-B3B5-C6D31C488FD2}.Debug|x64.ActiveCfg = Debug|Any CPU
		{2850E90D-E920-4C0C-B3B5-C6D31C488FD2}.Debug|x64.Build.0 = Debug|Any CPU
		{2850E90D-E920-4C0C-B3B5-C6D31C488FD2}.Debug|x86.ActiveCfg = Debug|Any CPU
		{2850E90D-E920-4C0C-B3B5-C6D31C488FD2}.Debug|x86.Build.0 = Debug|Any CPU
		{2850E90D-E920-4C0C-B3B5-C6D31C488FD2}.Release|Any CPU.ActiveCfg = Release|Any CPU
		{2850E90D-E920-4C0C-B3B5-C6D31C488FD2}.Release|Any CPU.Build.0 = Release|Any CPU
		{2850E90D-E920-4C0C-B3B5-C6D31C488FD2}.Release|x64.ActiveCfg = Release|Any CPU
		{2850E90D-E920-4C0C-B3B5-C6D31C488FD2}.Release|x64.Build.0 = Release|Any CPU
		{2850E90D-E920-4C0C-B3B5-C6D31C488FD2}.Release|x86.ActiveCfg = Release|Any CPU
		{2850E90D-E920-4C0C-B3B5-C6D31C488FD2}.Release|x86.Build.0 = Release|Any CPU
		{8147C948-3B45-4360-90D7-2B622C5C98D1}.Debug|Any CPU.ActiveCfg = Debug|Any CPU
		{8147C948-3B45-4360-90D7-2B622C5C98D1}.Debug|Any CPU.Build.0 = Debug|Any CPU
		{8147C948-3B45-4360-90D7-2B622C5C98D1}.Debug|x64.ActiveCfg = Debug|Any CPU
		{8147C948-3B45-4360-90D7-2B622C5C98D1}.Debug|x64.Build.0 = Debug|Any CPU
		{8147C948-3B45-4360-90D7-2B622C5C98D1}.Debug|x86.ActiveCfg = Debug|Any CPU
		{8147C948-3B45-4360-90D7-2B622C5C98D1}.Debug|x86.Build.0 = Debug|Any CPU
		{8147C948-3B45-4360-90D7-2B622C5C98D1}.Release|Any CPU.ActiveCfg = Release|Any CPU
		{8147C948-3B45-4360-90D7-2B622C5C98D1}.Release|Any CPU.Build.0 = Release|Any CPU
		{8147C948-3B45-4360-90D7-2B622C5C98D1}.Release|x64.ActiveCfg = Release|Any CPU
		{8147C948-3B45-4360-90D7-2B622C5C98D1}.Release|x64.Build.0 = Release|Any CPU
		{8147C948-3B45-4360-90D7-2B622C5C98D1}.Release|x86.ActiveCfg = Release|Any CPU
		{8147C948-3B45-4360-90D7-2B622C5C98D1}.Release|x86.Build.0 = Release|Any CPU
		{F2E3D4C5-B6A7-8901-2C3D-4E5F67890123}.Debug|Any CPU.ActiveCfg = Debug|Any CPU
		{F2E3D4C5-B6A7-8901-2C3D-4E5F67890123}.Debug|Any CPU.Build.0 = Debug|Any CPU
		{F2E3D4C5-B6A7-8901-2C3D-4E5F67890123}.Debug|x64.ActiveCfg = Debug|Any CPU
		{F2E3D4C5-B6A7-8901-2C3D-4E5F67890123}.Debug|x64.Build.0 = Debug|Any CPU
		{F2E3D4C5-B6A7-8901-2C3D-4E5F67890123}.Debug|x86.ActiveCfg = Debug|Any CPU
		{F2E3D4C5-B6A7-8901-2C3D-4E5F67890123}.Debug|x86.Build.0 = Debug|Any CPU
		{F2E3D4C5-B6A7-8901-2C3D-4E5F67890123}.Release|Any CPU.ActiveCfg = Release|Any CPU
		{F2E3D4C5-B6A7-8901-2C3D-4E5F67890123}.Release|Any CPU.Build.0 = Release|Any CPU
		{F2E3D4C5-B6A7-8901-2C3D-4E5F67890123}.Release|x64.ActiveCfg = Release|Any CPU
		{F2E3D4C5-B6A7-8901-2C3D-4E5F67890123}.Release|x64.Build.0 = Release|Any CPU
		{F2E3D4C5-B6A7-8901-2C3D-4E5F67890123}.Release|x86.ActiveCfg = Release|Any CPU
		{F2E3D4C5-B6A7-8901-2C3D-4E5F67890123}.Release|x86.Build.0 = Release|Any CPU
		{E2784DD7-59E8-449A-B54B-33A28188A04F}.Debug|Any CPU.ActiveCfg = Debug|Any CPU
		{E2784DD7-59E8-449A-B54B-33A28188A04F}.Debug|Any CPU.Build.0 = Debug|Any CPU
		{E2784DD7-59E8-449A-B54B-33A28188A04F}.Debug|x64.ActiveCfg = Debug|Any CPU
		{E2784DD7-59E8-449A-B54B-33A28188A04F}.Debug|x64.Build.0 = Debug|Any CPU
		{E2784DD7-59E8-449A-B54B-33A28188A04F}.Debug|x86.ActiveCfg = Debug|Any CPU
		{E2784DD7-59E8-449A-B54B-33A28188A04F}.Debug|x86.Build.0 = Debug|Any CPU
		{E2784DD7-59E8-449A-B54B-33A28188A04F}.Release|Any CPU.ActiveCfg = Release|Any CPU
		{E2784DD7-59E8-449A-B54B-33A28188A04F}.Release|Any CPU.Build.0 = Release|Any CPU
		{E2784DD7-59E8-449A-B54B-33A28188A04F}.Release|x64.ActiveCfg = Release|Any CPU
		{E2784DD7-59E8-449A-B54B-33A28188A04F}.Release|x64.Build.0 = Release|Any CPU
		{E2784DD7-59E8-449A-B54B-33A28188A04F}.Release|x86.ActiveCfg = Release|Any CPU
		{E2784DD7-59E8-449A-B54B-33A28188A04F}.Release|x86.Build.0 = Release|Any CPU
		{ABB8F96B-8F3D-4421-9A0A-D99DC823AD3E}.Debug|Any CPU.ActiveCfg = Debug|Any CPU
		{ABB8F96B-8F3D-4421-9A0A-D99DC823AD3E}.Debug|Any CPU.Build.0 = Debug|Any CPU
		{ABB8F96B-8F3D-4421-9A0A-D99DC823AD3E}.Debug|x64.ActiveCfg = Debug|Any CPU
		{ABB8F96B-8F3D-4421-9A0A-D99DC823AD3E}.Debug|x64.Build.0 = Debug|Any CPU
		{ABB8F96B-8F3D-4421-9A0A-D99DC823AD3E}.Debug|x86.ActiveCfg = Debug|Any CPU
		{ABB8F96B-8F3D-4421-9A0A-D99DC823AD3E}.Debug|x86.Build.0 = Debug|Any CPU
		{ABB8F96B-8F3D-4421-9A0A-D99DC823AD3E}.Release|Any CPU.ActiveCfg = Release|Any CPU
		{ABB8F96B-8F3D-4421-9A0A-D99DC823AD3E}.Release|Any CPU.Build.0 = Release|Any CPU
		{ABB8F96B-8F3D-4421-9A0A-D99DC823AD3E}.Release|x64.ActiveCfg = Release|Any CPU
		{ABB8F96B-8F3D-4421-9A0A-D99DC823AD3E}.Release|x64.Build.0 = Release|Any CPU
		{ABB8F96B-8F3D-4421-9A0A-D99DC823AD3E}.Release|x86.ActiveCfg = Release|Any CPU
		{ABB8F96B-8F3D-4421-9A0A-D99DC823AD3E}.Release|x86.Build.0 = Release|Any CPU
		{97991E14-920D-4AB5-860A-6AB00F6347E8}.Debug|Any CPU.ActiveCfg = Debug|Any CPU
		{97991E14-920D-4AB5-860A-6AB00F6347E8}.Debug|Any CPU.Build.0 = Debug|Any CPU
		{97991E14-920D-4AB5-860A-6AB00F6347E8}.Debug|x64.ActiveCfg = Debug|Any CPU
		{97991E14-920D-4AB5-860A-6AB00F6347E8}.Debug|x64.Build.0 = Debug|Any CPU
		{97991E14-920D-4AB5-860A-6AB00F6347E8}.Debug|x86.ActiveCfg = Debug|Any CPU
		{97991E14-920D-4AB5-860A-6AB00F6347E8}.Debug|x86.Build.0 = Debug|Any CPU
		{97991E14-920D-4AB5-860A-6AB00F6347E8}.Release|Any CPU.ActiveCfg = Release|Any CPU
		{97991E14-920D-4AB5-860A-6AB00F6347E8}.Release|Any CPU.Build.0 = Release|Any CPU
		{97991E14-920D-4AB5-860A-6AB00F6347E8}.Release|x64.ActiveCfg = Release|Any CPU
		{97991E14-920D-4AB5-860A-6AB00F6347E8}.Release|x64.Build.0 = Release|Any CPU
		{97991E14-920D-4AB5-860A-6AB00F6347E8}.Release|x86.ActiveCfg = Release|Any CPU
		{97991E14-920D-4AB5-860A-6AB00F6347E8}.Release|x86.Build.0 = Release|Any CPU
		{182F43AD-E636-49EE-B548-AA118104EFB6}.Debug|Any CPU.ActiveCfg = Debug|Any CPU
		{182F43AD-E636-49EE-B548-AA118104EFB6}.Debug|Any CPU.Build.0 = Debug|Any CPU
		{182F43AD-E636-49EE-B548-AA118104EFB6}.Debug|x64.ActiveCfg = Debug|Any CPU
		{182F43AD-E636-49EE-B548-AA118104EFB6}.Debug|x64.Build.0 = Debug|Any CPU
		{182F43AD-E636-49EE-B548-AA118104EFB6}.Debug|x86.ActiveCfg = Debug|Any CPU
		{182F43AD-E636-49EE-B548-AA118104EFB6}.Debug|x86.Build.0 = Debug|Any CPU
		{182F43AD-E636-49EE-B548-AA118104EFB6}.Release|Any CPU.ActiveCfg = Release|Any CPU
		{182F43AD-E636-49EE-B548-AA118104EFB6}.Release|Any CPU.Build.0 = Release|Any CPU
		{182F43AD-E636-49EE-B548-AA118104EFB6}.Release|x64.ActiveCfg = Release|Any CPU
		{182F43AD-E636-49EE-B548-AA118104EFB6}.Release|x64.Build.0 = Release|Any CPU
		{182F43AD-E636-49EE-B548-AA118104EFB6}.Release|x86.ActiveCfg = Release|Any CPU
		{182F43AD-E636-49EE-B548-AA118104EFB6}.Release|x86.Build.0 = Release|Any CPU
		{513B70E8-B61F-41C6-93B1-F28F7C41B8C3}.Debug|Any CPU.ActiveCfg = Debug|Any CPU
		{513B70E8-B61F-41C6-93B1-F28F7C41B8C3}.Debug|Any CPU.Build.0 = Debug|Any CPU
		{513B70E8-B61F-41C6-93B1-F28F7C41B8C3}.Debug|x64.ActiveCfg = Debug|Any CPU
		{513B70E8-B61F-41C6-93B1-F28F7C41B8C3}.Debug|x64.Build.0 = Debug|Any CPU
		{513B70E8-B61F-41C6-93B1-F28F7C41B8C3}.Debug|x86.ActiveCfg = Debug|Any CPU
		{513B70E8-B61F-41C6-93B1-F28F7C41B8C3}.Debug|x86.Build.0 = Debug|Any CPU
		{513B70E8-B61F-41C6-93B1-F28F7C41B8C3}.Release|Any CPU.ActiveCfg = Release|Any CPU
		{513B70E8-B61F-41C6-93B1-F28F7C41B8C3}.Release|Any CPU.Build.0 = Release|Any CPU
		{513B70E8-B61F-41C6-93B1-F28F7C41B8C3}.Release|x64.ActiveCfg = Release|Any CPU
		{513B70E8-B61F-41C6-93B1-F28F7C41B8C3}.Release|x64.Build.0 = Release|Any CPU
		{513B70E8-B61F-41C6-93B1-F28F7C41B8C3}.Release|x86.ActiveCfg = Release|Any CPU
		{513B70E8-B61F-41C6-93B1-F28F7C41B8C3}.Release|x86.Build.0 = Release|Any CPU
		{A8E89D8E-48F8-4EEF-BB92-FF668DD20872}.Debug|Any CPU.ActiveCfg = Debug|Any CPU
		{A8E89D8E-48F8-4EEF-BB92-FF668DD20872}.Debug|Any CPU.Build.0 = Debug|Any CPU
		{A8E89D8E-48F8-4EEF-BB92-FF668DD20872}.Debug|x64.ActiveCfg = Debug|Any CPU
		{A8E89D8E-48F8-4EEF-BB92-FF668DD20872}.Debug|x64.Build.0 = Debug|Any CPU
		{A8E89D8E-48F8-4EEF-BB92-FF668DD20872}.Debug|x86.ActiveCfg = Debug|Any CPU
		{A8E89D8E-48F8-4EEF-BB92-FF668DD20872}.Debug|x86.Build.0 = Debug|Any CPU
		{A8E89D8E-48F8-4EEF-BB92-FF668DD20872}.Release|Any CPU.ActiveCfg = Release|Any CPU
		{A8E89D8E-48F8-4EEF-BB92-FF668DD20872}.Release|Any CPU.Build.0 = Release|Any CPU
		{A8E89D8E-48F8-4EEF-BB92-FF668DD20872}.Release|x64.ActiveCfg = Release|Any CPU
		{A8E89D8E-48F8-4EEF-BB92-FF668DD20872}.Release|x64.Build.0 = Release|Any CPU
		{A8E89D8E-48F8-4EEF-BB92-FF668DD20872}.Release|x86.ActiveCfg = Release|Any CPU
		{A8E89D8E-48F8-4EEF-BB92-FF668DD20872}.Release|x86.Build.0 = Release|Any CPU
		{023B5C04-2DCF-472F-99B3-6B61D02993F0}.Debug|Any CPU.ActiveCfg = Debug|Any CPU
		{023B5C04-2DCF-472F-99B3-6B61D02993F0}.Debug|Any CPU.Build.0 = Debug|Any CPU
		{023B5C04-2DCF-472F-99B3-6B61D02993F0}.Debug|x64.ActiveCfg = Debug|Any CPU
		{023B5C04-2DCF-472F-99B3-6B61D02993F0}.Debug|x64.Build.0 = Debug|Any CPU
		{023B5C04-2DCF-472F-99B3-6B61D02993F0}.Debug|x86.ActiveCfg = Debug|Any CPU
		{023B5C04-2DCF-472F-99B3-6B61D02993F0}.Debug|x86.Build.0 = Debug|Any CPU
		{023B5C04-2DCF-472F-99B3-6B61D02993F0}.Release|Any CPU.ActiveCfg = Release|Any CPU
		{023B5C04-2DCF-472F-99B3-6B61D02993F0}.Release|Any CPU.Build.0 = Release|Any CPU
		{023B5C04-2DCF-472F-99B3-6B61D02993F0}.Release|x64.ActiveCfg = Release|Any CPU
		{023B5C04-2DCF-472F-99B3-6B61D02993F0}.Release|x64.Build.0 = Release|Any CPU
		{023B5C04-2DCF-472F-99B3-6B61D02993F0}.Release|x86.ActiveCfg = Release|Any CPU
		{023B5C04-2DCF-472F-99B3-6B61D02993F0}.Release|x86.Build.0 = Release|Any CPU
		{60722E1D-5771-48A0-97F3-9D93A0121581}.Debug|Any CPU.ActiveCfg = Debug|Any CPU
		{60722E1D-5771-48A0-97F3-9D93A0121581}.Debug|Any CPU.Build.0 = Debug|Any CPU
		{60722E1D-5771-48A0-97F3-9D93A0121581}.Debug|x64.ActiveCfg = Debug|Any CPU
		{60722E1D-5771-48A0-97F3-9D93A0121581}.Debug|x64.Build.0 = Debug|Any CPU
		{60722E1D-5771-48A0-97F3-9D93A0121581}.Debug|x86.ActiveCfg = Debug|Any CPU
		{60722E1D-5771-48A0-97F3-9D93A0121581}.Debug|x86.Build.0 = Debug|Any CPU
		{60722E1D-5771-48A0-97F3-9D93A0121581}.Release|Any CPU.ActiveCfg = Release|Any CPU
		{60722E1D-5771-48A0-97F3-9D93A0121581}.Release|Any CPU.Build.0 = Release|Any CPU
		{60722E1D-5771-48A0-97F3-9D93A0121581}.Release|x64.ActiveCfg = Release|Any CPU
		{60722E1D-5771-48A0-97F3-9D93A0121581}.Release|x64.Build.0 = Release|Any CPU
		{60722E1D-5771-48A0-97F3-9D93A0121581}.Release|x86.ActiveCfg = Release|Any CPU
		{60722E1D-5771-48A0-97F3-9D93A0121581}.Release|x86.Build.0 = Release|Any CPU
		{52486EF6-1A62-0517-ECA5-75C6ACB191AE}.Debug|Any CPU.ActiveCfg = Debug|Any CPU
		{52486EF6-1A62-0517-ECA5-75C6ACB191AE}.Debug|Any CPU.Build.0 = Debug|Any CPU
		{52486EF6-1A62-0517-ECA5-75C6ACB191AE}.Debug|x64.ActiveCfg = Debug|Any CPU
		{52486EF6-1A62-0517-ECA5-75C6ACB191AE}.Debug|x86.ActiveCfg = Debug|Any CPU
		{52486EF6-1A62-0517-ECA5-75C6ACB191AE}.Release|Any CPU.ActiveCfg = Release|Any CPU
		{52486EF6-1A62-0517-ECA5-75C6ACB191AE}.Release|Any CPU.Build.0 = Release|Any CPU
		{52486EF6-1A62-0517-ECA5-75C6ACB191AE}.Release|x64.ActiveCfg = Release|Any CPU
		{52486EF6-1A62-0517-ECA5-75C6ACB191AE}.Release|x86.ActiveCfg = Release|Any CPU
		{C86D88C8-C390-18ED-AAE7-B127C546C7B9}.Debug|Any CPU.ActiveCfg = Debug|Any CPU
		{C86D88C8-C390-18ED-AAE7-B127C546C7B9}.Debug|Any CPU.Build.0 = Debug|Any CPU
		{C86D88C8-C390-18ED-AAE7-B127C546C7B9}.Debug|x64.ActiveCfg = Debug|Any CPU
		{C86D88C8-C390-18ED-AAE7-B127C546C7B9}.Debug|x86.ActiveCfg = Debug|Any CPU
		{C86D88C8-C390-18ED-AAE7-B127C546C7B9}.Release|Any CPU.ActiveCfg = Release|Any CPU
		{C86D88C8-C390-18ED-AAE7-B127C546C7B9}.Release|Any CPU.Build.0 = Release|Any CPU
		{C86D88C8-C390-18ED-AAE7-B127C546C7B9}.Release|x64.ActiveCfg = Release|Any CPU
		{C86D88C8-C390-18ED-AAE7-B127C546C7B9}.Release|x86.ActiveCfg = Release|Any CPU
		{186E2BC3-E0E6-90D3-23A4-084594272697}.Debug|Any CPU.ActiveCfg = Debug|Any CPU
		{186E2BC3-E0E6-90D3-23A4-084594272697}.Debug|Any CPU.Build.0 = Debug|Any CPU
		{186E2BC3-E0E6-90D3-23A4-084594272697}.Debug|x64.ActiveCfg = Debug|Any CPU
		{186E2BC3-E0E6-90D3-23A4-084594272697}.Debug|x86.ActiveCfg = Debug|Any CPU
		{186E2BC3-E0E6-90D3-23A4-084594272697}.Release|Any CPU.ActiveCfg = Release|Any CPU
		{186E2BC3-E0E6-90D3-23A4-084594272697}.Release|Any CPU.Build.0 = Release|Any CPU
		{186E2BC3-E0E6-90D3-23A4-084594272697}.Release|x64.ActiveCfg = Release|Any CPU
		{186E2BC3-E0E6-90D3-23A4-084594272697}.Release|x86.ActiveCfg = Release|Any CPU
		{EB8CC538-5EFB-9833-6EB6-22D3AFF13730}.Debug|Any CPU.ActiveCfg = Debug|Any CPU
		{EB8CC538-5EFB-9833-6EB6-22D3AFF13730}.Debug|Any CPU.Build.0 = Debug|Any CPU
		{EB8CC538-5EFB-9833-6EB6-22D3AFF13730}.Debug|x64.ActiveCfg = Debug|Any CPU
		{EB8CC538-5EFB-9833-6EB6-22D3AFF13730}.Debug|x86.ActiveCfg = Debug|Any CPU
		{EB8CC538-5EFB-9833-6EB6-22D3AFF13730}.Release|Any CPU.ActiveCfg = Release|Any CPU
		{EB8CC538-5EFB-9833-6EB6-22D3AFF13730}.Release|Any CPU.Build.0 = Release|Any CPU
		{EB8CC538-5EFB-9833-6EB6-22D3AFF13730}.Release|x64.ActiveCfg = Release|Any CPU
		{EB8CC538-5EFB-9833-6EB6-22D3AFF13730}.Release|x86.ActiveCfg = Release|Any CPU
		{1D5E8038-EDBF-947A-BC67-8C7C161F74D3}.Debug|Any CPU.ActiveCfg = Debug|Any CPU
		{1D5E8038-EDBF-947A-BC67-8C7C161F74D3}.Debug|Any CPU.Build.0 = Debug|Any CPU
		{1D5E8038-EDBF-947A-BC67-8C7C161F74D3}.Debug|x64.ActiveCfg = Debug|Any CPU
		{1D5E8038-EDBF-947A-BC67-8C7C161F74D3}.Debug|x86.ActiveCfg = Debug|Any CPU
		{1D5E8038-EDBF-947A-BC67-8C7C161F74D3}.Release|Any CPU.ActiveCfg = Release|Any CPU
		{1D5E8038-EDBF-947A-BC67-8C7C161F74D3}.Release|Any CPU.Build.0 = Release|Any CPU
		{1D5E8038-EDBF-947A-BC67-8C7C161F74D3}.Release|x64.ActiveCfg = Release|Any CPU
		{1D5E8038-EDBF-947A-BC67-8C7C161F74D3}.Release|x86.ActiveCfg = Release|Any CPU
		{B356D6C2-7969-22F9-4DED-EF7898C3DAAB}.Debug|Any CPU.ActiveCfg = Debug|Any CPU
		{B356D6C2-7969-22F9-4DED-EF7898C3DAAB}.Debug|Any CPU.Build.0 = Debug|Any CPU
		{B356D6C2-7969-22F9-4DED-EF7898C3DAAB}.Debug|x64.ActiveCfg = Debug|Any CPU
		{B356D6C2-7969-22F9-4DED-EF7898C3DAAB}.Debug|x64.Build.0 = Debug|Any CPU
		{B356D6C2-7969-22F9-4DED-EF7898C3DAAB}.Debug|x86.ActiveCfg = Debug|Any CPU
		{B356D6C2-7969-22F9-4DED-EF7898C3DAAB}.Debug|x86.Build.0 = Debug|Any CPU
		{B356D6C2-7969-22F9-4DED-EF7898C3DAAB}.Release|Any CPU.ActiveCfg = Release|Any CPU
		{B356D6C2-7969-22F9-4DED-EF7898C3DAAB}.Release|Any CPU.Build.0 = Release|Any CPU
		{B356D6C2-7969-22F9-4DED-EF7898C3DAAB}.Release|x64.ActiveCfg = Release|Any CPU
		{B356D6C2-7969-22F9-4DED-EF7898C3DAAB}.Release|x64.Build.0 = Release|Any CPU
		{B356D6C2-7969-22F9-4DED-EF7898C3DAAB}.Release|x86.ActiveCfg = Release|Any CPU
		{B356D6C2-7969-22F9-4DED-EF7898C3DAAB}.Release|x86.Build.0 = Release|Any CPU
		{1DF0ABC0-A044-935B-BFAF-C46257A7EE8B}.Debug|Any CPU.ActiveCfg = Debug|Any CPU
		{1DF0ABC0-A044-935B-BFAF-C46257A7EE8B}.Debug|Any CPU.Build.0 = Debug|Any CPU
		{1DF0ABC0-A044-935B-BFAF-C46257A7EE8B}.Debug|x64.ActiveCfg = Debug|Any CPU
		{1DF0ABC0-A044-935B-BFAF-C46257A7EE8B}.Debug|x64.Build.0 = Debug|Any CPU
		{1DF0ABC0-A044-935B-BFAF-C46257A7EE8B}.Debug|x86.ActiveCfg = Debug|Any CPU
		{1DF0ABC0-A044-935B-BFAF-C46257A7EE8B}.Debug|x86.Build.0 = Debug|Any CPU
		{1DF0ABC0-A044-935B-BFAF-C46257A7EE8B}.Release|Any CPU.ActiveCfg = Release|Any CPU
		{1DF0ABC0-A044-935B-BFAF-C46257A7EE8B}.Release|Any CPU.Build.0 = Release|Any CPU
		{1DF0ABC0-A044-935B-BFAF-C46257A7EE8B}.Release|x64.ActiveCfg = Release|Any CPU
		{1DF0ABC0-A044-935B-BFAF-C46257A7EE8B}.Release|x64.Build.0 = Release|Any CPU
		{1DF0ABC0-A044-935B-BFAF-C46257A7EE8B}.Release|x86.ActiveCfg = Release|Any CPU
		{1DF0ABC0-A044-935B-BFAF-C46257A7EE8B}.Release|x86.Build.0 = Release|Any CPU
		{9AF9F2DE-6DEA-6C09-5CAA-D7A291828AFE}.Debug|Any CPU.ActiveCfg = Debug|Any CPU
		{9AF9F2DE-6DEA-6C09-5CAA-D7A291828AFE}.Debug|Any CPU.Build.0 = Debug|Any CPU
		{9AF9F2DE-6DEA-6C09-5CAA-D7A291828AFE}.Debug|x64.ActiveCfg = Debug|Any CPU
		{9AF9F2DE-6DEA-6C09-5CAA-D7A291828AFE}.Debug|x64.Build.0 = Debug|Any CPU
		{9AF9F2DE-6DEA-6C09-5CAA-D7A291828AFE}.Debug|x86.ActiveCfg = Debug|Any CPU
		{9AF9F2DE-6DEA-6C09-5CAA-D7A291828AFE}.Debug|x86.Build.0 = Debug|Any CPU
		{9AF9F2DE-6DEA-6C09-5CAA-D7A291828AFE}.Release|Any CPU.ActiveCfg = Release|Any CPU
		{9AF9F2DE-6DEA-6C09-5CAA-D7A291828AFE}.Release|Any CPU.Build.0 = Release|Any CPU
		{9AF9F2DE-6DEA-6C09-5CAA-D7A291828AFE}.Release|x64.ActiveCfg = Release|Any CPU
		{9AF9F2DE-6DEA-6C09-5CAA-D7A291828AFE}.Release|x64.Build.0 = Release|Any CPU
		{9AF9F2DE-6DEA-6C09-5CAA-D7A291828AFE}.Release|x86.ActiveCfg = Release|Any CPU
		{9AF9F2DE-6DEA-6C09-5CAA-D7A291828AFE}.Release|x86.Build.0 = Release|Any CPU
		{D94B2894-6B5E-56DC-3EA4-425B86A271B3}.Debug|Any CPU.ActiveCfg = Debug|Any CPU
		{D94B2894-6B5E-56DC-3EA4-425B86A271B3}.Debug|Any CPU.Build.0 = Debug|Any CPU
		{D94B2894-6B5E-56DC-3EA4-425B86A271B3}.Debug|x64.ActiveCfg = Debug|Any CPU
		{D94B2894-6B5E-56DC-3EA4-425B86A271B3}.Debug|x64.Build.0 = Debug|Any CPU
		{D94B2894-6B5E-56DC-3EA4-425B86A271B3}.Debug|x86.ActiveCfg = Debug|Any CPU
		{D94B2894-6B5E-56DC-3EA4-425B86A271B3}.Debug|x86.Build.0 = Debug|Any CPU
		{D94B2894-6B5E-56DC-3EA4-425B86A271B3}.Release|Any CPU.ActiveCfg = Release|Any CPU
		{D94B2894-6B5E-56DC-3EA4-425B86A271B3}.Release|Any CPU.Build.0 = Release|Any CPU
		{D94B2894-6B5E-56DC-3EA4-425B86A271B3}.Release|x64.ActiveCfg = Release|Any CPU
		{D94B2894-6B5E-56DC-3EA4-425B86A271B3}.Release|x64.Build.0 = Release|Any CPU
		{D94B2894-6B5E-56DC-3EA4-425B86A271B3}.Release|x86.ActiveCfg = Release|Any CPU
		{D94B2894-6B5E-56DC-3EA4-425B86A271B3}.Release|x86.Build.0 = Release|Any CPU
		{AFE5253E-84F7-A7B0-0046-C143595040EA}.Debug|Any CPU.ActiveCfg = Debug|Any CPU
		{AFE5253E-84F7-A7B0-0046-C143595040EA}.Debug|Any CPU.Build.0 = Debug|Any CPU
		{AFE5253E-84F7-A7B0-0046-C143595040EA}.Debug|x64.ActiveCfg = Debug|Any CPU
		{AFE5253E-84F7-A7B0-0046-C143595040EA}.Debug|x64.Build.0 = Debug|Any CPU
		{AFE5253E-84F7-A7B0-0046-C143595040EA}.Debug|x86.ActiveCfg = Debug|Any CPU
		{AFE5253E-84F7-A7B0-0046-C143595040EA}.Debug|x86.Build.0 = Debug|Any CPU
		{AFE5253E-84F7-A7B0-0046-C143595040EA}.Release|Any CPU.ActiveCfg = Release|Any CPU
		{AFE5253E-84F7-A7B0-0046-C143595040EA}.Release|Any CPU.Build.0 = Release|Any CPU
		{AFE5253E-84F7-A7B0-0046-C143595040EA}.Release|x64.ActiveCfg = Release|Any CPU
		{AFE5253E-84F7-A7B0-0046-C143595040EA}.Release|x64.Build.0 = Release|Any CPU
		{AFE5253E-84F7-A7B0-0046-C143595040EA}.Release|x86.ActiveCfg = Release|Any CPU
		{AFE5253E-84F7-A7B0-0046-C143595040EA}.Release|x86.Build.0 = Release|Any CPU
		{0BFBEF29-703C-1F0F-BE22-AABC9ECE0B37}.Debug|Any CPU.ActiveCfg = Debug|Any CPU
		{0BFBEF29-703C-1F0F-BE22-AABC9ECE0B37}.Debug|Any CPU.Build.0 = Debug|Any CPU
		{0BFBEF29-703C-1F0F-BE22-AABC9ECE0B37}.Debug|x64.ActiveCfg = Debug|Any CPU
		{0BFBEF29-703C-1F0F-BE22-AABC9ECE0B37}.Debug|x64.Build.0 = Debug|Any CPU
		{0BFBEF29-703C-1F0F-BE22-AABC9ECE0B37}.Debug|x86.ActiveCfg = Debug|Any CPU
		{0BFBEF29-703C-1F0F-BE22-AABC9ECE0B37}.Debug|x86.Build.0 = Debug|Any CPU
		{0BFBEF29-703C-1F0F-BE22-AABC9ECE0B37}.Release|Any CPU.ActiveCfg = Release|Any CPU
		{0BFBEF29-703C-1F0F-BE22-AABC9ECE0B37}.Release|Any CPU.Build.0 = Release|Any CPU
		{0BFBEF29-703C-1F0F-BE22-AABC9ECE0B37}.Release|x64.ActiveCfg = Release|Any CPU
		{0BFBEF29-703C-1F0F-BE22-AABC9ECE0B37}.Release|x64.Build.0 = Release|Any CPU
		{0BFBEF29-703C-1F0F-BE22-AABC9ECE0B37}.Release|x86.ActiveCfg = Release|Any CPU
		{0BFBEF29-703C-1F0F-BE22-AABC9ECE0B37}.Release|x86.Build.0 = Release|Any CPU
		{A3D24824-F578-D410-ACBB-E485D0757D1B}.Debug|Any CPU.ActiveCfg = Debug|Any CPU
		{A3D24824-F578-D410-ACBB-E485D0757D1B}.Debug|Any CPU.Build.0 = Debug|Any CPU
		{A3D24824-F578-D410-ACBB-E485D0757D1B}.Debug|x64.ActiveCfg = Debug|Any CPU
		{A3D24824-F578-D410-ACBB-E485D0757D1B}.Debug|x64.Build.0 = Debug|Any CPU
		{A3D24824-F578-D410-ACBB-E485D0757D1B}.Debug|x86.ActiveCfg = Debug|Any CPU
		{A3D24824-F578-D410-ACBB-E485D0757D1B}.Debug|x86.Build.0 = Debug|Any CPU
		{A3D24824-F578-D410-ACBB-E485D0757D1B}.Release|Any CPU.ActiveCfg = Release|Any CPU
		{A3D24824-F578-D410-ACBB-E485D0757D1B}.Release|Any CPU.Build.0 = Release|Any CPU
		{A3D24824-F578-D410-ACBB-E485D0757D1B}.Release|x64.ActiveCfg = Release|Any CPU
		{A3D24824-F578-D410-ACBB-E485D0757D1B}.Release|x64.Build.0 = Release|Any CPU
		{A3D24824-F578-D410-ACBB-E485D0757D1B}.Release|x86.ActiveCfg = Release|Any CPU
		{A3D24824-F578-D410-ACBB-E485D0757D1B}.Release|x86.Build.0 = Release|Any CPU
		{149787E2-FB65-46A6-885E-507D27D603F9}.Debug|Any CPU.ActiveCfg = Debug|Any CPU
		{149787E2-FB65-46A6-885E-507D27D603F9}.Debug|Any CPU.Build.0 = Debug|Any CPU
		{149787E2-FB65-46A6-885E-507D27D603F9}.Debug|x64.ActiveCfg = Debug|Any CPU
		{149787E2-FB65-46A6-885E-507D27D603F9}.Debug|x64.Build.0 = Debug|Any CPU
		{149787E2-FB65-46A6-885E-507D27D603F9}.Debug|x86.ActiveCfg = Debug|Any CPU
		{149787E2-FB65-46A6-885E-507D27D603F9}.Debug|x86.Build.0 = Debug|Any CPU
		{149787E2-FB65-46A6-885E-507D27D603F9}.Release|Any CPU.ActiveCfg = Release|Any CPU
		{149787E2-FB65-46A6-885E-507D27D603F9}.Release|Any CPU.Build.0 = Release|Any CPU
		{149787E2-FB65-46A6-885E-507D27D603F9}.Release|x64.ActiveCfg = Release|Any CPU
		{149787E2-FB65-46A6-885E-507D27D603F9}.Release|x64.Build.0 = Release|Any CPU
		{149787E2-FB65-46A6-885E-507D27D603F9}.Release|x86.ActiveCfg = Release|Any CPU
		{149787E2-FB65-46A6-885E-507D27D603F9}.Release|x86.Build.0 = Release|Any CPU
		{AA77A0BB-95B4-4B9A-89F0-CDDB5C1C2305}.Debug|Any CPU.ActiveCfg = Debug|Any CPU
		{AA77A0BB-95B4-4B9A-89F0-CDDB5C1C2305}.Debug|Any CPU.Build.0 = Debug|Any CPU
		{AA77A0BB-95B4-4B9A-89F0-CDDB5C1C2305}.Debug|x64.ActiveCfg = Debug|Any CPU
		{AA77A0BB-95B4-4B9A-89F0-CDDB5C1C2305}.Debug|x64.Build.0 = Debug|Any CPU
		{AA77A0BB-95B4-4B9A-89F0-CDDB5C1C2305}.Debug|x86.ActiveCfg = Debug|Any CPU
		{AA77A0BB-95B4-4B9A-89F0-CDDB5C1C2305}.Debug|x86.Build.0 = Debug|Any CPU
		{AA77A0BB-95B4-4B9A-89F0-CDDB5C1C2305}.Release|Any CPU.ActiveCfg = Release|Any CPU
		{AA77A0BB-95B4-4B9A-89F0-CDDB5C1C2305}.Release|Any CPU.Build.0 = Release|Any CPU
		{AA77A0BB-95B4-4B9A-89F0-CDDB5C1C2305}.Release|x64.ActiveCfg = Release|Any CPU
		{AA77A0BB-95B4-4B9A-89F0-CDDB5C1C2305}.Release|x64.Build.0 = Release|Any CPU
		{AA77A0BB-95B4-4B9A-89F0-CDDB5C1C2305}.Release|x86.ActiveCfg = Release|Any CPU
		{AA77A0BB-95B4-4B9A-89F0-CDDB5C1C2305}.Release|x86.Build.0 = Release|Any CPU
		{B089A177-D477-42ED-8C2D-0B8467D63F69}.Debug|Any CPU.ActiveCfg = Debug|Any CPU
		{B089A177-D477-42ED-8C2D-0B8467D63F69}.Debug|Any CPU.Build.0 = Debug|Any CPU
		{B089A177-D477-42ED-8C2D-0B8467D63F69}.Debug|x64.ActiveCfg = Debug|Any CPU
		{B089A177-D477-42ED-8C2D-0B8467D63F69}.Debug|x64.Build.0 = Debug|Any CPU
		{B089A177-D477-42ED-8C2D-0B8467D63F69}.Debug|x86.ActiveCfg = Debug|Any CPU
		{B089A177-D477-42ED-8C2D-0B8467D63F69}.Debug|x86.Build.0 = Debug|Any CPU
		{B089A177-D477-42ED-8C2D-0B8467D63F69}.Release|Any CPU.ActiveCfg = Release|Any CPU
		{B089A177-D477-42ED-8C2D-0B8467D63F69}.Release|Any CPU.Build.0 = Release|Any CPU
		{B089A177-D477-42ED-8C2D-0B8467D63F69}.Release|x64.ActiveCfg = Release|Any CPU
		{B089A177-D477-42ED-8C2D-0B8467D63F69}.Release|x64.Build.0 = Release|Any CPU
		{B089A177-D477-42ED-8C2D-0B8467D63F69}.Release|x86.ActiveCfg = Release|Any CPU
		{B089A177-D477-42ED-8C2D-0B8467D63F69}.Release|x86.Build.0 = Release|Any CPU
		{4BB77B0E-523C-4D71-A99F-D0E2716AF844}.Debug|Any CPU.ActiveCfg = Debug|Any CPU
		{4BB77B0E-523C-4D71-A99F-D0E2716AF844}.Debug|Any CPU.Build.0 = Debug|Any CPU
		{4BB77B0E-523C-4D71-A99F-D0E2716AF844}.Debug|x64.ActiveCfg = Debug|Any CPU
		{4BB77B0E-523C-4D71-A99F-D0E2716AF844}.Debug|x64.Build.0 = Debug|Any CPU
		{4BB77B0E-523C-4D71-A99F-D0E2716AF844}.Debug|x86.ActiveCfg = Debug|Any CPU
		{4BB77B0E-523C-4D71-A99F-D0E2716AF844}.Debug|x86.Build.0 = Debug|Any CPU
		{4BB77B0E-523C-4D71-A99F-D0E2716AF844}.Release|Any CPU.ActiveCfg = Release|Any CPU
		{4BB77B0E-523C-4D71-A99F-D0E2716AF844}.Release|Any CPU.Build.0 = Release|Any CPU
		{4BB77B0E-523C-4D71-A99F-D0E2716AF844}.Release|x64.ActiveCfg = Release|Any CPU
		{4BB77B0E-523C-4D71-A99F-D0E2716AF844}.Release|x64.Build.0 = Release|Any CPU
		{4BB77B0E-523C-4D71-A99F-D0E2716AF844}.Release|x86.ActiveCfg = Release|Any CPU
		{4BB77B0E-523C-4D71-A99F-D0E2716AF844}.Release|x86.Build.0 = Release|Any CPU
		{1C00A863-8BC7-4A58-B962-02975E6BE9E5}.Debug|Any CPU.ActiveCfg = Debug|Any CPU
		{1C00A863-8BC7-4A58-B962-02975E6BE9E5}.Debug|Any CPU.Build.0 = Debug|Any CPU
		{1C00A863-8BC7-4A58-B962-02975E6BE9E5}.Debug|x64.ActiveCfg = Debug|Any CPU
		{1C00A863-8BC7-4A58-B962-02975E6BE9E5}.Debug|x64.Build.0 = Debug|Any CPU
		{1C00A863-8BC7-4A58-B962-02975E6BE9E5}.Debug|x86.ActiveCfg = Debug|Any CPU
		{1C00A863-8BC7-4A58-B962-02975E6BE9E5}.Debug|x86.Build.0 = Debug|Any CPU
		{1C00A863-8BC7-4A58-B962-02975E6BE9E5}.Release|Any CPU.ActiveCfg = Release|Any CPU
		{1C00A863-8BC7-4A58-B962-02975E6BE9E5}.Release|Any CPU.Build.0 = Release|Any CPU
		{1C00A863-8BC7-4A58-B962-02975E6BE9E5}.Release|x64.ActiveCfg = Release|Any CPU
		{1C00A863-8BC7-4A58-B962-02975E6BE9E5}.Release|x64.Build.0 = Release|Any CPU
		{1C00A863-8BC7-4A58-B962-02975E6BE9E5}.Release|x86.ActiveCfg = Release|Any CPU
		{1C00A863-8BC7-4A58-B962-02975E6BE9E5}.Release|x86.Build.0 = Release|Any CPU
		{A76ABD2C-1183-4E57-9121-D317C964E5CE}.Debug|Any CPU.ActiveCfg = Debug|Any CPU
		{A76ABD2C-1183-4E57-9121-D317C964E5CE}.Debug|Any CPU.Build.0 = Debug|Any CPU
		{A76ABD2C-1183-4E57-9121-D317C964E5CE}.Debug|x64.ActiveCfg = Debug|Any CPU
		{A76ABD2C-1183-4E57-9121-D317C964E5CE}.Debug|x64.Build.0 = Debug|Any CPU
		{A76ABD2C-1183-4E57-9121-D317C964E5CE}.Debug|x86.ActiveCfg = Debug|Any CPU
		{A76ABD2C-1183-4E57-9121-D317C964E5CE}.Debug|x86.Build.0 = Debug|Any CPU
		{A76ABD2C-1183-4E57-9121-D317C964E5CE}.Release|Any CPU.ActiveCfg = Release|Any CPU
		{A76ABD2C-1183-4E57-9121-D317C964E5CE}.Release|Any CPU.Build.0 = Release|Any CPU
		{A76ABD2C-1183-4E57-9121-D317C964E5CE}.Release|x64.ActiveCfg = Release|Any CPU
		{A76ABD2C-1183-4E57-9121-D317C964E5CE}.Release|x64.Build.0 = Release|Any CPU
		{A76ABD2C-1183-4E57-9121-D317C964E5CE}.Release|x86.ActiveCfg = Release|Any CPU
		{A76ABD2C-1183-4E57-9121-D317C964E5CE}.Release|x86.Build.0 = Release|Any CPU
	EndGlobalSection
	GlobalSection(SolutionProperties) = preSolution
		HideSolutionNode = FALSE
	EndGlobalSection
	GlobalSection(NestedProjects) = preSolution
		{101209CF-15B5-5DD2-EE19-3642EFE3DE17} = {36D591C7-65C7-A0D1-1CBC-10CDE441BDC8}
		{5F2E7E8E-266E-4B3B-B9FA-7D580B6FE05D} = {36D591C7-65C7-A0D1-1CBC-10CDE441BDC8}
		{3B826A3F-7BA0-4FDB-8DBD-5B24E709E9D0} = {36D591C7-65C7-A0D1-1CBC-10CDE441BDC8}
		{87B70B62-00C4-4BF4-B5B5-D5C7324594F3} = {3B826A3F-7BA0-4FDB-8DBD-5B24E709E9D0}
		{4E7F5360-0B88-4676-8937-B529A66EE43A} = {3B826A3F-7BA0-4FDB-8DBD-5B24E709E9D0}
		{8F871752-F3D5-48FC-9DFA-1CBFA827DB18} = {4E7F5360-0B88-4676-8937-B529A66EE43A}
		{C5A5C47F-0727-4D58-B859-85A953174000} = {4E7F5360-0B88-4676-8937-B529A66EE43A}
		{061E80F9-7EC6-4C32-947B-8E28C862C34D} = {4E7F5360-0B88-4676-8937-B529A66EE43A}
		{2FB4AA13-2170-44D1-A977-065FA5380850} = {061E80F9-7EC6-4C32-947B-8E28C862C34D}
		{26DB1DEE-DF6F-8D38-C1A4-718A66AA09B0} = {36D591C7-65C7-A0D1-1CBC-10CDE441BDC8}
		{A82D7451-4E30-487C-9261-F8E23AE65C53} = {061E80F9-7EC6-4C32-947B-8E28C862C34D}
		{985A0703-0E96-4625-B497-64DC173C14DE} = {C5A5C47F-0727-4D58-B859-85A953174000}
		{1DE3A479-7B84-40C0-9ED4-BF66790F74C8} = {061E80F9-7EC6-4C32-947B-8E28C862C34D}
		{6CEC36BA-6B65-47C5-BF16-B713163A25CC} = {87B70B62-00C4-4BF4-B5B5-D5C7324594F3}
		{18F87636-8C20-44A0-861B-B59D38540A5A} = {985A0703-0E96-4625-B497-64DC173C14DE}
		{3CDFC061-3851-4AE3-9EA6-E9CB74FB33BB} = {C5A5C47F-0727-4D58-B859-85A953174000}
		{7A9131B6-477A-455A-B997-F93DA70F40EA} = {3CDFC061-3851-4AE3-9EA6-E9CB74FB33BB}
		{F7A9DC0D-A746-4F7C-A7D8-CC88CB618AE4} = {3CDFC061-3851-4AE3-9EA6-E9CB74FB33BB}
		{94AD4FD2-76C9-41D2-A4CC-8E4092F892F4} = {C5A5C47F-0727-4D58-B859-85A953174000}
		{8431E31A-B1C2-42F2-B513-B24E17A4390E} = {94AD4FD2-76C9-41D2-A4CC-8E4092F892F4}
		{F80FD83C-FF7E-4578-BA43-E91A10F96281} = {94AD4FD2-76C9-41D2-A4CC-8E4092F892F4}
		{BF8477F7-DAF1-43C7-AB04-B7CACB85B32E} = {1DE3A479-7B84-40C0-9ED4-BF66790F74C8}
		{EAF0B189-6099-482D-A841-558F72BA025A} = {A82D7451-4E30-487C-9261-F8E23AE65C53}
		{814CD296-15E2-4A0D-89EE-A8E29F15B93F} = {A82D7451-4E30-487C-9261-F8E23AE65C53}
		{74874E8A-ADF7-4E09-AB86-8B2126DD85D4} = {2FB4AA13-2170-44D1-A977-065FA5380850}
		{37B2D898-FDEF-43D0-96E1-BC43BE432522} = {2FB4AA13-2170-44D1-A977-065FA5380850}
		{29CCDEBD-1AD4-4174-9CE8-4EC0423F5AFD} = {061E80F9-7EC6-4C32-947B-8E28C862C34D}
		{E27D53C0-33EE-4E53-A45F-7D72661DA143} = {29CCDEBD-1AD4-4174-9CE8-4EC0423F5AFD}
		{41545DF1-0759-40B3-BE1A-E20985ADF86A} = {4E7F5360-0B88-4676-8937-B529A66EE43A}
		{85EFCDCA-7275-4D84-A087-41071F855F94} = {41545DF1-0759-40B3-BE1A-E20985ADF86A}
		{9B6D6EF2-E538-40EC-96D2-B81BBEF741DA} = {41545DF1-0759-40B3-BE1A-E20985ADF86A}
		{76FAE845-4F9E-4076-9C6F-3EB9485CC772} = {41545DF1-0759-40B3-BE1A-E20985ADF86A}
		{4FBDD5BC-1D69-49CE-9DBF-85DACA3A9278} = {85EFCDCA-7275-4D84-A087-41071F855F94}
		{36CAA749-134E-4AE5-9A14-5B0E5041C368} = {85EFCDCA-7275-4D84-A087-41071F855F94}
		{2850E90D-E920-4C0C-B3B5-C6D31C488FD2} = {9B6D6EF2-E538-40EC-96D2-B81BBEF741DA}
		{8147C948-3B45-4360-90D7-2B622C5C98D1} = {9B6D6EF2-E538-40EC-96D2-B81BBEF741DA}
		{F2E3D4C5-B6A7-8901-2C3D-4E5F67890123} = {9B6D6EF2-E538-40EC-96D2-B81BBEF741DA}
		{E2784DD7-59E8-449A-B54B-33A28188A04F} = {76FAE845-4F9E-4076-9C6F-3EB9485CC772}
		{DA2D70AC-8089-4A9C-AF68-0A30C8E27663} = {4E7F5360-0B88-4676-8937-B529A66EE43A}
		{ABB8F96B-8F3D-4421-9A0A-D99DC823AD3E} = {7F192046-4ABC-4139-B7B0-51489FB146FD}
		{97991E14-920D-4AB5-860A-6AB00F6347E8} = {7F192046-4ABC-4139-B7B0-51489FB146FD}
		{182F43AD-E636-49EE-B548-AA118104EFB6} = {7F192046-4ABC-4139-B7B0-51489FB146FD}
		{513B70E8-B61F-41C6-93B1-F28F7C41B8C3} = {7F192046-4ABC-4139-B7B0-51489FB146FD}
		{A8E89D8E-48F8-4EEF-BB92-FF668DD20872} = {7F192046-4ABC-4139-B7B0-51489FB146FD}
		{023B5C04-2DCF-472F-99B3-6B61D02993F0} = {7F192046-4ABC-4139-B7B0-51489FB146FD}
		{60722E1D-5771-48A0-97F3-9D93A0121581} = {7F192046-4ABC-4139-B7B0-51489FB146FD}
		{52486EF6-1A62-0517-ECA5-75C6ACB191AE} = {8F871752-F3D5-48FC-9DFA-1CBFA827DB18}
		{C86D88C8-C390-18ED-AAE7-B127C546C7B9} = {8F871752-F3D5-48FC-9DFA-1CBFA827DB18}
		{186E2BC3-E0E6-90D3-23A4-084594272697} = {8F871752-F3D5-48FC-9DFA-1CBFA827DB18}
		{EB8CC538-5EFB-9833-6EB6-22D3AFF13730} = {8F871752-F3D5-48FC-9DFA-1CBFA827DB18}
		{1D5E8038-EDBF-947A-BC67-8C7C161F74D3} = {8F871752-F3D5-48FC-9DFA-1CBFA827DB18}
		{B356D6C2-7969-22F9-4DED-EF7898C3DAAB} = {36D591C7-65C7-A0D1-1CBC-10CDE441BDC8}
		{1DF0ABC0-A044-935B-BFAF-C46257A7EE8B} = {94AD4FD2-76C9-41D2-A4CC-8E4092F892F4}
		{9AF9F2DE-6DEA-6C09-5CAA-D7A291828AFE} = {94AD4FD2-76C9-41D2-A4CC-8E4092F892F4}
		{D94B2894-6B5E-56DC-3EA4-425B86A271B3} = {5F2E7E8E-266E-4B3B-B9FA-7D580B6FE05D}
		{AFE5253E-84F7-A7B0-0046-C143595040EA} = {2FB4AA13-2170-44D1-A977-065FA5380850}
		{0BFBEF29-703C-1F0F-BE22-AABC9ECE0B37} = {2FB4AA13-2170-44D1-A977-065FA5380850}
		{A3D24824-F578-D410-ACBB-E485D0757D1B} = {2FB4AA13-2170-44D1-A977-065FA5380850}
		{7F192046-4ABC-4139-B7B0-51489FB146FD} = {DA2D70AC-8089-4A9C-AF68-0A30C8E27663}
		{149787E2-FB65-46A6-885E-507D27D603F9} = {94AD4FD2-76C9-41D2-A4CC-8E4092F892F4}
		{02EA681E-C7D8-13C7-8484-4AC65E1B71E8} = {3B826A3F-7BA0-4FDB-8DBD-5B24E709E9D0}
		{AA77A0BB-95B4-4B9A-89F0-CDDB5C1C2305} = {02EA681E-C7D8-13C7-8484-4AC65E1B71E8}
		{B089A177-D477-42ED-8C2D-0B8467D63F69} = {02EA681E-C7D8-13C7-8484-4AC65E1B71E8}
		{4BB77B0E-523C-4D71-A99F-D0E2716AF844} = {94AD4FD2-76C9-41D2-A4CC-8E4092F892F4}
		{1C00A863-8BC7-4A58-B962-02975E6BE9E5} = {41545DF1-0759-40B3-BE1A-E20985ADF86A}
		{FD8C743A-0E7A-41F2-A7B2-36A5A6D7C73A} = {DA2D70AC-8089-4A9C-AF68-0A30C8E27663}
		{A76ABD2C-1183-4E57-9121-D317C964E5CE} = {FD8C743A-0E7A-41F2-A7B2-36A5A6D7C73A}
	EndGlobalSection
	GlobalSection(ExtensibilityGlobals) = postSolution
		SolutionGuid = {C7DE2C96-9A08-45EC-9A91-EF711525ABF1}
	EndGlobalSection
EndGlobal
