
Microsoft Visual Studio Solution File, Format Version 12.00
# Visual Studio Version 17
VisualStudioVersion = 17.14.36127.28
MinimumVisualStudioVersion = 10.0.40219.1
Project("{2150E333-8FDC-42A3-9474-1A3956D46DE8}") = "src", "src", "{36D591C7-65C7-A0D1-1CBC-10CDE441BDC8}"
EndProject
Project("{FAE04EC0-301F-11D3-BF4B-00C04F79EFBC}") = "StockMarketAssistant.ServiceDefaults", "src\StockMarketAssistant.ServiceDefaults\StockMarketAssistant.ServiceDefaults.csproj", "{101209CF-15B5-5DD2-EE19-3642EFE3DE17}"
EndProject
Project("{2150E333-8FDC-42A3-9474-1A3956D46DE8}") = "Solution Items", "Solution Items", "{1D81D679-A449-422D-B5B0-5DF07AC9E805}"
	ProjectSection(SolutionItems) = preProject
		LICENSE = LICENSE
		README.md = README.md
	EndProjectSection
EndProject
Project("{2150E333-8FDC-42A3-9474-1A3956D46DE8}") = "frontend", "frontend", "{5F2E7E8E-266E-4B3B-B9FA-7D580B6FE05D}"
EndProject
Project("{2150E333-8FDC-42A3-9474-1A3956D46DE8}") = "backend", "backend", "{3B826A3F-7BA0-4FDB-8DBD-5B24E709E9D0}"
EndProject
Project("{2150E333-8FDC-42A3-9474-1A3956D46DE8}") = "gateway", "gateway", "{87B70B62-00C4-4BF4-B5B5-D5C7324594F3}"
EndProject
Project("{2150E333-8FDC-42A3-9474-1A3956D46DE8}") = "services", "services", "{4E7F5360-0B88-4676-8937-B529A66EE43A}"
EndProject
Project("{2150E333-8FDC-42A3-9474-1A3956D46DE8}") = "AuthService", "AuthService", "{02234E75-D366-404B-8C8B-A7EDCEFE465E}"
EndProject
Project("{2150E333-8FDC-42A3-9474-1A3956D46DE8}") = "NotificationService", "NotificationService", "{8F871752-F3D5-48FC-9DFA-1CBFA827DB18}"
EndProject
Project("{2150E333-8FDC-42A3-9474-1A3956D46DE8}") = "PortfolioService", "PortfolioService", "{C5A5C47F-0727-4D58-B859-85A953174000}"
EndProject
Project("{2150E333-8FDC-42A3-9474-1A3956D46DE8}") = "StockCardService", "StockCardService", "{061E80F9-7EC6-4C32-947B-8E28C862C34D}"
EndProject
Project("{2150E333-8FDC-42A3-9474-1A3956D46DE8}") = "Domain", "Domain", "{729213F2-ED67-4910-B364-CB43BC2EAD74}"
EndProject
Project("{2150E333-8FDC-42A3-9474-1A3956D46DE8}") = "Infrastructure", "Infrastructure", "{F5232BD5-82FD-416C-BF4B-6B6BEF506FEA}"
EndProject
Project("{2150E333-8FDC-42A3-9474-1A3956D46DE8}") = "Domain", "Domain", "{3CF66811-D0D2-4C37-9724-7F8BF00D0410}"
EndProject
Project("{2150E333-8FDC-42A3-9474-1A3956D46DE8}") = "Infrastructure", "Infrastructure", "{C7692819-231D-46CE-A985-CBFBD26676BC}"
EndProject
Project("{2150E333-8FDC-42A3-9474-1A3956D46DE8}") = "Domain", "Domain", "{78F9D1D3-94CE-4972-B6E1-B929FA446902}"
EndProject
Project("{2150E333-8FDC-42A3-9474-1A3956D46DE8}") = "Infrastructure", "Infrastructure", "{909EEE29-3A57-43B5-AB69-F51537102419}"
EndProject
Project("{2150E333-8FDC-42A3-9474-1A3956D46DE8}") = "Domain", "Domain", "{AC277802-20F0-4196-8848-17F8EA1A0AEE}"
EndProject
Project("{2150E333-8FDC-42A3-9474-1A3956D46DE8}") = "Infrastructure", "Infrastructure", "{2FB4AA13-2170-44D1-A977-065FA5380850}"
EndProject
Project("{FAE04EC0-301F-11D3-BF4B-00C04F79EFBC}") = "StockMarketAssistant.AppHost", "src\StockMarketAssistant.AppHost\StockMarketAssistant.AppHost.csproj", "{26DB1DEE-DF6F-8D38-C1A4-718A66AA09B0}"
	ProjectSection(ProjectDependencies) = postProject
		{6CEC36BA-6B65-47C5-BF16-B713163A25CC} = {6CEC36BA-6B65-47C5-BF16-B713163A25CC}
	EndProjectSection
EndProject
Project("{2150E333-8FDC-42A3-9474-1A3956D46DE8}") = "Application", "Application", "{02EA681E-C7D8-13C7-8484-4AC65E1B71E8}"
EndProject
Project("{2150E333-8FDC-42A3-9474-1A3956D46DE8}") = "Application", "Application", "{45ACBB0B-5B0D-4C47-9450-3CDC050A0911}"
EndProject
Project("{2150E333-8FDC-42A3-9474-1A3956D46DE8}") = "Application", "Application", "{6AA3FB9B-8F72-44F6-A90B-1B4DEEB00ED2}"
EndProject
Project("{2150E333-8FDC-42A3-9474-1A3956D46DE8}") = "Application", "Application", "{A82D7451-4E30-487C-9261-F8E23AE65C53}"
EndProject
Project("{2150E333-8FDC-42A3-9474-1A3956D46DE8}") = "Presentation", "Presentation", "{65ED86AF-CCF3-42E7-BADB-DE8F61D94639}"
EndProject
Project("{2150E333-8FDC-42A3-9474-1A3956D46DE8}") = "Presentation", "Presentation", "{E6856CA5-C921-48F5-9479-09D7B1E8F16F}"
EndProject
Project("{2150E333-8FDC-42A3-9474-1A3956D46DE8}") = "Presentation", "Presentation", "{985A0703-0E96-4625-B497-64DC173C14DE}"
EndProject
Project("{2150E333-8FDC-42A3-9474-1A3956D46DE8}") = "Presentation", "Presentation", "{1DE3A479-7B84-40C0-9ED4-BF66790F74C8}"
EndProject
Project("{FAE04EC0-301F-11D3-BF4B-00C04F79EFBC}") = "NotificationService.WebApi", "src\backend\services\NotificationService\Presentation\NotificationService.WebApi\NotificationService.WebApi.csproj", "{04F2B217-FF11-0D40-88CB-EEC7CC65E7A6}"
EndProject
Project("{FAE04EC0-301F-11D3-BF4B-00C04F79EFBC}") = "PortfolioService.WebApi", "src\backend\services\PortfolioService\Presentation\PortfolioService.WebApi\PortfolioService.WebApi.csproj", "{BEF8A111-797F-4E85-5354-54E2EF9BB9B0}"
EndProject
Project("{FAE04EC0-301F-11D3-BF4B-00C04F79EFBC}") = "StockCardService.WebApi", "src\backend\services\StockCardService\Presentation\StockCardService.WebApi\StockCardService.WebApi.csproj", "{8CC031EA-C368-23FD-3ACF-F274FB331A75}"
EndProject
Project("{FAE04EC0-301F-11D3-BF4B-00C04F79EFBC}") = "NotificationService.Domain.Entities", "src\backend\services\NotificationService\Domain\NotificationService.Domain.Entities\NotificationService.Domain.Entities.csproj", "{8281605F-5F9F-989E-BAF7-06AF62F7466E}"
EndProject
Project("{FAE04EC0-301F-11D3-BF4B-00C04F79EFBC}") = "AuthService.Domain.Entities", "src\backend\services\AuthService\Domain\AuthService.Domain.Entities\AuthService.Domain.Entities.csproj", "{5A9F237A-ED1A-4DAD-9D37-E04D13A03108}"
EndProject
Project("{FAE04EC0-301F-11D3-BF4B-00C04F79EFBC}") = "PortfolioService.Domain.Entities", "src\backend\services\PortfolioService\Domain\PortfolioService.Domain.Entities\PortfolioService.Domain.Entities.csproj", "{E3E8FC4B-45C7-4983-981F-67629F2542FE}"
EndProject
Project("{FAE04EC0-301F-11D3-BF4B-00C04F79EFBC}") = "StockCardService.Domain.Entities", "src\backend\services\StockCardService\Domain\StockCardService.Domain.Entities\StockCardService.Domain.Entities.csproj", "{90693546-6A75-4287-9136-A83B294DA434}"
EndProject
Project("{2150E333-8FDC-42A3-9474-1A3956D46DE8}") = "Interfaces", "Interfaces", "{C000FBA4-9FD1-4525-8F35-D17EF0E618FE}"
EndProject
Project("{2150E333-8FDC-42A3-9474-1A3956D46DE8}") = "Interfaces", "Interfaces", "{EB18AFF8-B2A0-42F7-A6A9-6CDB83EF5006}"
EndProject
Project("{2150E333-8FDC-42A3-9474-1A3956D46DE8}") = "Interfaces", "Interfaces", "{3066E3A2-0492-447C-BA72-94D1A0D0CDE4}"
EndProject
Project("{2150E333-8FDC-42A3-9474-1A3956D46DE8}") = "Interfaces", "Interfaces", "{B5677A2D-3D9C-40A5-B7AB-20243B3FE7DF}"
EndProject
Project("{FAE04EC0-301F-11D3-BF4B-00C04F79EFBC}") = "AuthService.Application.Services", "src\backend\services\AuthService\Application\AuthService.Application.Services\AuthService.Application.Services.csproj", "{D7200AC7-3E6E-4CD4-9C84-2849D02E2B55}"
EndProject
Project("{FAE04EC0-301F-11D3-BF4B-00C04F79EFBC}") = "AuthService.WebApi", "src\backend\services\AuthService\Presentation\AuthService.WebApi\AuthService.WebApi.csproj", "{121019B0-7392-CE2D-F067-213BBA371610}"
EndProject
Project("{FAE04EC0-301F-11D3-BF4B-00C04F79EFBC}") = "NotificationService.Application.Services", "src\backend\services\NotificationService\Application\NotificationService.Application.Services\NotificationService.Application.Services.csproj", "{B69A4404-EA24-4F7B-8BFE-908705696CF9}"
EndProject
Project("{FAE04EC0-301F-11D3-BF4B-00C04F79EFBC}") = "PortfolioService.Application.Services", "src\backend\services\PortfolioService\Application\PortfolioService.Application.Services\PortfolioService.Application.Services.csproj", "{E82BE60E-97C7-4AAD-B3C3-90F5B412E946}"
EndProject
Project("{FAE04EC0-301F-11D3-BF4B-00C04F79EFBC}") = "StockCardService.Application.Services", "src\backend\services\StockCardService\Application\StockCardService.Application.Services\StockCardService.Application.Services.csproj", "{4DE759C2-A5A8-4137-BCC2-E510D50CAE26}"
EndProject
Project("{FAE04EC0-301F-11D3-BF4B-00C04F79EFBC}") = "Gateway.WebApi", "src\backend\gateway\Gateway.WebApi\Gateway.WebApi.csproj", "{6CEC36BA-6B65-47C5-BF16-B713163A25CC}"
EndProject
Global
	GlobalSection(SolutionConfigurationPlatforms) = preSolution
		Debug|Any CPU = Debug|Any CPU
		Release|Any CPU = Release|Any CPU
	EndGlobalSection
	GlobalSection(ProjectConfigurationPlatforms) = postSolution
		{101209CF-15B5-5DD2-EE19-3642EFE3DE17}.Debug|Any CPU.ActiveCfg = Debug|Any CPU
		{101209CF-15B5-5DD2-EE19-3642EFE3DE17}.Debug|Any CPU.Build.0 = Debug|Any CPU
		{101209CF-15B5-5DD2-EE19-3642EFE3DE17}.Release|Any CPU.ActiveCfg = Release|Any CPU
		{101209CF-15B5-5DD2-EE19-3642EFE3DE17}.Release|Any CPU.Build.0 = Release|Any CPU
		{26DB1DEE-DF6F-8D38-C1A4-718A66AA09B0}.Debug|Any CPU.ActiveCfg = Debug|Any CPU
		{26DB1DEE-DF6F-8D38-C1A4-718A66AA09B0}.Debug|Any CPU.Build.0 = Debug|Any CPU
		{26DB1DEE-DF6F-8D38-C1A4-718A66AA09B0}.Release|Any CPU.ActiveCfg = Release|Any CPU
		{26DB1DEE-DF6F-8D38-C1A4-718A66AA09B0}.Release|Any CPU.Build.0 = Release|Any CPU
		{04F2B217-FF11-0D40-88CB-EEC7CC65E7A6}.Debug|Any CPU.ActiveCfg = Debug|Any CPU
		{04F2B217-FF11-0D40-88CB-EEC7CC65E7A6}.Debug|Any CPU.Build.0 = Debug|Any CPU
		{04F2B217-FF11-0D40-88CB-EEC7CC65E7A6}.Release|Any CPU.ActiveCfg = Release|Any CPU
		{04F2B217-FF11-0D40-88CB-EEC7CC65E7A6}.Release|Any CPU.Build.0 = Release|Any CPU
		{BEF8A111-797F-4E85-5354-54E2EF9BB9B0}.Debug|Any CPU.ActiveCfg = Debug|Any CPU
		{BEF8A111-797F-4E85-5354-54E2EF9BB9B0}.Debug|Any CPU.Build.0 = Debug|Any CPU
		{BEF8A111-797F-4E85-5354-54E2EF9BB9B0}.Release|Any CPU.ActiveCfg = Release|Any CPU
		{BEF8A111-797F-4E85-5354-54E2EF9BB9B0}.Release|Any CPU.Build.0 = Release|Any CPU
		{8CC031EA-C368-23FD-3ACF-F274FB331A75}.Debug|Any CPU.ActiveCfg = Debug|Any CPU
		{8CC031EA-C368-23FD-3ACF-F274FB331A75}.Debug|Any CPU.Build.0 = Debug|Any CPU
		{8CC031EA-C368-23FD-3ACF-F274FB331A75}.Release|Any CPU.ActiveCfg = Release|Any CPU
		{8CC031EA-C368-23FD-3ACF-F274FB331A75}.Release|Any CPU.Build.0 = Release|Any CPU
		{8281605F-5F9F-989E-BAF7-06AF62F7466E}.Debug|Any CPU.ActiveCfg = Debug|Any CPU
		{8281605F-5F9F-989E-BAF7-06AF62F7466E}.Debug|Any CPU.Build.0 = Debug|Any CPU
		{8281605F-5F9F-989E-BAF7-06AF62F7466E}.Release|Any CPU.ActiveCfg = Release|Any CPU
		{8281605F-5F9F-989E-BAF7-06AF62F7466E}.Release|Any CPU.Build.0 = Release|Any CPU
		{5A9F237A-ED1A-4DAD-9D37-E04D13A03108}.Debug|Any CPU.ActiveCfg = Debug|Any CPU
		{5A9F237A-ED1A-4DAD-9D37-E04D13A03108}.Debug|Any CPU.Build.0 = Debug|Any CPU
		{5A9F237A-ED1A-4DAD-9D37-E04D13A03108}.Release|Any CPU.ActiveCfg = Release|Any CPU
		{5A9F237A-ED1A-4DAD-9D37-E04D13A03108}.Release|Any CPU.Build.0 = Release|Any CPU
		{E3E8FC4B-45C7-4983-981F-67629F2542FE}.Debug|Any CPU.ActiveCfg = Debug|Any CPU
		{E3E8FC4B-45C7-4983-981F-67629F2542FE}.Debug|Any CPU.Build.0 = Debug|Any CPU
		{E3E8FC4B-45C7-4983-981F-67629F2542FE}.Release|Any CPU.ActiveCfg = Release|Any CPU
		{E3E8FC4B-45C7-4983-981F-67629F2542FE}.Release|Any CPU.Build.0 = Release|Any CPU
		{90693546-6A75-4287-9136-A83B294DA434}.Debug|Any CPU.ActiveCfg = Debug|Any CPU
		{90693546-6A75-4287-9136-A83B294DA434}.Debug|Any CPU.Build.0 = Debug|Any CPU
		{90693546-6A75-4287-9136-A83B294DA434}.Release|Any CPU.ActiveCfg = Release|Any CPU
		{90693546-6A75-4287-9136-A83B294DA434}.Release|Any CPU.Build.0 = Release|Any CPU
		{D7200AC7-3E6E-4CD4-9C84-2849D02E2B55}.Debug|Any CPU.ActiveCfg = Debug|Any CPU
		{D7200AC7-3E6E-4CD4-9C84-2849D02E2B55}.Debug|Any CPU.Build.0 = Debug|Any CPU
		{D7200AC7-3E6E-4CD4-9C84-2849D02E2B55}.Release|Any CPU.ActiveCfg = Release|Any CPU
		{D7200AC7-3E6E-4CD4-9C84-2849D02E2B55}.Release|Any CPU.Build.0 = Release|Any CPU
		{121019B0-7392-CE2D-F067-213BBA371610}.Debug|Any CPU.ActiveCfg = Debug|Any CPU
		{121019B0-7392-CE2D-F067-213BBA371610}.Debug|Any CPU.Build.0 = Debug|Any CPU
		{121019B0-7392-CE2D-F067-213BBA371610}.Release|Any CPU.ActiveCfg = Release|Any CPU
		{121019B0-7392-CE2D-F067-213BBA371610}.Release|Any CPU.Build.0 = Release|Any CPU
		{B69A4404-EA24-4F7B-8BFE-908705696CF9}.Debug|Any CPU.ActiveCfg = Debug|Any CPU
		{B69A4404-EA24-4F7B-8BFE-908705696CF9}.Debug|Any CPU.Build.0 = Debug|Any CPU
		{B69A4404-EA24-4F7B-8BFE-908705696CF9}.Release|Any CPU.ActiveCfg = Release|Any CPU
		{B69A4404-EA24-4F7B-8BFE-908705696CF9}.Release|Any CPU.Build.0 = Release|Any CPU
		{E82BE60E-97C7-4AAD-B3C3-90F5B412E946}.Debug|Any CPU.ActiveCfg = Debug|Any CPU
		{E82BE60E-97C7-4AAD-B3C3-90F5B412E946}.Debug|Any CPU.Build.0 = Debug|Any CPU
		{E82BE60E-97C7-4AAD-B3C3-90F5B412E946}.Release|Any CPU.ActiveCfg = Release|Any CPU
		{E82BE60E-97C7-4AAD-B3C3-90F5B412E946}.Release|Any CPU.Build.0 = Release|Any CPU
		{4DE759C2-A5A8-4137-BCC2-E510D50CAE26}.Debug|Any CPU.ActiveCfg = Debug|Any CPU
		{4DE759C2-A5A8-4137-BCC2-E510D50CAE26}.Debug|Any CPU.Build.0 = Debug|Any CPU
		{4DE759C2-A5A8-4137-BCC2-E510D50CAE26}.Release|Any CPU.ActiveCfg = Release|Any CPU
		{4DE759C2-A5A8-4137-BCC2-E510D50CAE26}.Release|Any CPU.Build.0 = Release|Any CPU
		{6CEC36BA-6B65-47C5-BF16-B713163A25CC}.Debug|Any CPU.ActiveCfg = Debug|Any CPU
		{6CEC36BA-6B65-47C5-BF16-B713163A25CC}.Debug|Any CPU.Build.0 = Debug|Any CPU
		{6CEC36BA-6B65-47C5-BF16-B713163A25CC}.Release|Any CPU.ActiveCfg = Release|Any CPU
		{6CEC36BA-6B65-47C5-BF16-B713163A25CC}.Release|Any CPU.Build.0 = Release|Any CPU
	EndGlobalSection
	GlobalSection(SolutionProperties) = preSolution
		HideSolutionNode = FALSE
	EndGlobalSection
	GlobalSection(NestedProjects) = preSolution
		{101209CF-15B5-5DD2-EE19-3642EFE3DE17} = {36D591C7-65C7-A0D1-1CBC-10CDE441BDC8}
		{5F2E7E8E-266E-4B3B-B9FA-7D580B6FE05D} = {36D591C7-65C7-A0D1-1CBC-10CDE441BDC8}
		{3B826A3F-7BA0-4FDB-8DBD-5B24E709E9D0} = {36D591C7-65C7-A0D1-1CBC-10CDE441BDC8}
		{87B70B62-00C4-4BF4-B5B5-D5C7324594F3} = {3B826A3F-7BA0-4FDB-8DBD-5B24E709E9D0}
		{4E7F5360-0B88-4676-8937-B529A66EE43A} = {3B826A3F-7BA0-4FDB-8DBD-5B24E709E9D0}
		{02234E75-D366-404B-8C8B-A7EDCEFE465E} = {4E7F5360-0B88-4676-8937-B529A66EE43A}
		{8F871752-F3D5-48FC-9DFA-1CBFA827DB18} = {4E7F5360-0B88-4676-8937-B529A66EE43A}
		{C5A5C47F-0727-4D58-B859-85A953174000} = {4E7F5360-0B88-4676-8937-B529A66EE43A}
		{061E80F9-7EC6-4C32-947B-8E28C862C34D} = {4E7F5360-0B88-4676-8937-B529A66EE43A}
		{729213F2-ED67-4910-B364-CB43BC2EAD74} = {02234E75-D366-404B-8C8B-A7EDCEFE465E}
		{F5232BD5-82FD-416C-BF4B-6B6BEF506FEA} = {02234E75-D366-404B-8C8B-A7EDCEFE465E}
		{3CF66811-D0D2-4C37-9724-7F8BF00D0410} = {8F871752-F3D5-48FC-9DFA-1CBFA827DB18}
		{C7692819-231D-46CE-A985-CBFBD26676BC} = {8F871752-F3D5-48FC-9DFA-1CBFA827DB18}
		{78F9D1D3-94CE-4972-B6E1-B929FA446902} = {C5A5C47F-0727-4D58-B859-85A953174000}
		{909EEE29-3A57-43B5-AB69-F51537102419} = {C5A5C47F-0727-4D58-B859-85A953174000}
		{AC277802-20F0-4196-8848-17F8EA1A0AEE} = {061E80F9-7EC6-4C32-947B-8E28C862C34D}
		{2FB4AA13-2170-44D1-A977-065FA5380850} = {061E80F9-7EC6-4C32-947B-8E28C862C34D}
		{26DB1DEE-DF6F-8D38-C1A4-718A66AA09B0} = {36D591C7-65C7-A0D1-1CBC-10CDE441BDC8}
		{02EA681E-C7D8-13C7-8484-4AC65E1B71E8} = {02234E75-D366-404B-8C8B-A7EDCEFE465E}
		{45ACBB0B-5B0D-4C47-9450-3CDC050A0911} = {8F871752-F3D5-48FC-9DFA-1CBFA827DB18}
		{6AA3FB9B-8F72-44F6-A90B-1B4DEEB00ED2} = {C5A5C47F-0727-4D58-B859-85A953174000}
		{A82D7451-4E30-487C-9261-F8E23AE65C53} = {061E80F9-7EC6-4C32-947B-8E28C862C34D}
		{65ED86AF-CCF3-42E7-BADB-DE8F61D94639} = {02234E75-D366-404B-8C8B-A7EDCEFE465E}
		{E6856CA5-C921-48F5-9479-09D7B1E8F16F} = {8F871752-F3D5-48FC-9DFA-1CBFA827DB18}
		{985A0703-0E96-4625-B497-64DC173C14DE} = {C5A5C47F-0727-4D58-B859-85A953174000}
		{1DE3A479-7B84-40C0-9ED4-BF66790F74C8} = {061E80F9-7EC6-4C32-947B-8E28C862C34D}
		{04F2B217-FF11-0D40-88CB-EEC7CC65E7A6} = {E6856CA5-C921-48F5-9479-09D7B1E8F16F}
		{BEF8A111-797F-4E85-5354-54E2EF9BB9B0} = {985A0703-0E96-4625-B497-64DC173C14DE}
		{8CC031EA-C368-23FD-3ACF-F274FB331A75} = {1DE3A479-7B84-40C0-9ED4-BF66790F74C8}
		{8281605F-5F9F-989E-BAF7-06AF62F7466E} = {3CF66811-D0D2-4C37-9724-7F8BF00D0410}
		{5A9F237A-ED1A-4DAD-9D37-E04D13A03108} = {729213F2-ED67-4910-B364-CB43BC2EAD74}
		{E3E8FC4B-45C7-4983-981F-67629F2542FE} = {78F9D1D3-94CE-4972-B6E1-B929FA446902}
		{90693546-6A75-4287-9136-A83B294DA434} = {AC277802-20F0-4196-8848-17F8EA1A0AEE}
		{C000FBA4-9FD1-4525-8F35-D17EF0E618FE} = {02EA681E-C7D8-13C7-8484-4AC65E1B71E8}
		{EB18AFF8-B2A0-42F7-A6A9-6CDB83EF5006} = {45ACBB0B-5B0D-4C47-9450-3CDC050A0911}
		{3066E3A2-0492-447C-BA72-94D1A0D0CDE4} = {6AA3FB9B-8F72-44F6-A90B-1B4DEEB00ED2}
		{B5677A2D-3D9C-40A5-B7AB-20243B3FE7DF} = {A82D7451-4E30-487C-9261-F8E23AE65C53}
		{D7200AC7-3E6E-4CD4-9C84-2849D02E2B55} = {02EA681E-C7D8-13C7-8484-4AC65E1B71E8}
		{121019B0-7392-CE2D-F067-213BBA371610} = {65ED86AF-CCF3-42E7-BADB-DE8F61D94639}
		{B69A4404-EA24-4F7B-8BFE-908705696CF9} = {45ACBB0B-5B0D-4C47-9450-3CDC050A0911}
		{E82BE60E-97C7-4AAD-B3C3-90F5B412E946} = {6AA3FB9B-8F72-44F6-A90B-1B4DEEB00ED2}
		{4DE759C2-A5A8-4137-BCC2-E510D50CAE26} = {A82D7451-4E30-487C-9261-F8E23AE65C53}
		{6CEC36BA-6B65-47C5-BF16-B713163A25CC} = {87B70B62-00C4-4BF4-B5B5-D5C7324594F3}
	EndGlobalSection
	GlobalSection(ExtensibilityGlobals) = postSolution
		SolutionGuid = {C7DE2C96-9A08-45EC-9A91-EF711525ABF1}
	EndGlobalSection
EndGlobal
